
Microsoft Visual Studio Solution File, Format Version 12.00
# Visual Studio Version 16
VisualStudioVersion = 16.0.29409.12
MinimumVisualStudioVersion = 10.0.40219.1
Project("{2150E333-8FDC-42A3-9474-1A3956D46DE8}") = "QATNUnitSpecFlowAppiumTemplate", "QATNUnitSpecFlowAppiumTemplate", "{3D038141-3750-47B1-91AD-5266521EC947}"
EndProject
Project("{9A19103F-16F7-4668-BE54-9A1E7A4F7556}") = "Tests", "MaqsSpecFlowExtension\ProjectTemplates\Magenic SpecFlow Test\NUnit\QATNUnitSpecFlowAppiumTemplate\Tests\Tests.csproj", "{564CF2AE-C4FF-43BF-8CB8-0BA5F433BCA2}"
EndProject
Project("{2150E333-8FDC-42A3-9474-1A3956D46DE8}") = "QATNUnitSpecFlowCompositeTemplate", "QATNUnitSpecFlowCompositeTemplate", "{EE78083F-0638-425C-9417-65E15EAA6213}"
EndProject
Project("{9A19103F-16F7-4668-BE54-9A1E7A4F7556}") = "Tests", "MaqsSpecFlowExtension\ProjectTemplates\Magenic SpecFlow Test\NUnit\QATNUnitSpecFlowCompositeTemplate\Tests\Tests.csproj", "{DDB90683-6EC6-48D8-A621-AE1E4C928D94}"
EndProject
Project("{2150E333-8FDC-42A3-9474-1A3956D46DE8}") = "QATNUnitSpecFlowSeleniumTemplate", "QATNUnitSpecFlowSeleniumTemplate", "{308D2FEA-87DE-479B-9EE2-68A4771468D5}"
EndProject
Project("{9A19103F-16F7-4668-BE54-9A1E7A4F7556}") = "Tests", "MaqsSpecFlowExtension\ProjectTemplates\Magenic SpecFlow Test\NUnit\QATNUnitSpecFlowSeleniumTemplate\Tests\Tests.csproj", "{2A00877D-64A1-48AA-A4D0-87C8CFC27E9A}"
EndProject
Project("{2150E333-8FDC-42A3-9474-1A3956D46DE8}") = "QATSpecFlowAppiumTemplate", "QATSpecFlowAppiumTemplate", "{E4F0F3F2-9187-4150-ACE7-71DE887F8D21}"
EndProject
Project("{9A19103F-16F7-4668-BE54-9A1E7A4F7556}") = "Tests", "MaqsSpecFlowExtension\ProjectTemplates\Magenic SpecFlow Test\QATSpecFlowAppiumTemplate\Tests\Tests.csproj", "{C91B0AFE-EC9F-4230-A778-54D2A0A84615}"
EndProject
Project("{2150E333-8FDC-42A3-9474-1A3956D46DE8}") = "QATSpecFlowCompositeTemplate", "QATSpecFlowCompositeTemplate", "{C8A489F2-8EBE-4088-AF7C-AE35D19AE4C3}"
EndProject
Project("{9A19103F-16F7-4668-BE54-9A1E7A4F7556}") = "Tests", "MaqsSpecFlowExtension\ProjectTemplates\Magenic SpecFlow Test\QATSpecFlowCompositeTemplate\Tests\Tests.csproj", "{A4B4B80D-6B6C-4634-8A62-03C6A1D2EEAF}"
EndProject
Project("{2150E333-8FDC-42A3-9474-1A3956D46DE8}") = "QATSpecFlowSeleniumTemplate", "QATSpecFlowSeleniumTemplate", "{7689203D-C373-4780-BB1C-4343F2C8D4EA}"
EndProject
Project("{9A19103F-16F7-4668-BE54-9A1E7A4F7556}") = "Tests", "MaqsSpecFlowExtension\ProjectTemplates\Magenic SpecFlow Test\QATSpecFlowSeleniumTemplate\Tests\Tests.csproj", "{BFA761D7-F882-439F-AC22-51B85BF67B36}"
EndProject
Project("{2150E333-8FDC-42A3-9474-1A3956D46DE8}") = "MaqsSpecFlowExtension", "MaqsSpecFlowExtension", "{55AB6412-FD99-425F-AE77-DB6F4E1C559B}"
EndProject
Project("{2150E333-8FDC-42A3-9474-1A3956D46DE8}") = "CoreTemplates", "CoreTemplates", "{48E26093-109B-4351-A7A4-BD7B97AFCA84}"
EndProject
Project("{2150E333-8FDC-42A3-9474-1A3956D46DE8}") = "VisualStudioQatExtensionOss", "VisualStudioQatExtensionOss", "{519F8006-EDE6-4055-A136-8F616ECF9FBE}"
EndProject
Project("{2150E333-8FDC-42A3-9474-1A3956D46DE8}") = "Magenic.Maqs.Appium.Template", "Magenic.Maqs.Appium.Template", "{73F5C935-E157-4204-A036-4C29FFC27BF5}"
EndProject
Project("{9A19103F-16F7-4668-BE54-9A1E7A4F7556}") = "Tests", "CoreTemplates\Magenic.Maqs.Appium.Template\Tests\Tests.csproj", "{6FC6A4A5-D88E-4750-8A6C-4457243D43B8}"
EndProject
Project("{2150E333-8FDC-42A3-9474-1A3956D46DE8}") = "Magenic.Maqs.Base.Template", "Magenic.Maqs.Base.Template", "{D9DF7923-4E8E-4D9D-A955-1B1F54850FDF}"
EndProject
Project("{9A19103F-16F7-4668-BE54-9A1E7A4F7556}") = "Tests", "CoreTemplates\Magenic.Maqs.Base.Template\Tests\Tests.csproj", "{DAFCCCC6-7467-4136-A1C4-F929F553AAE3}"
EndProject
Project("{2150E333-8FDC-42A3-9474-1A3956D46DE8}") = "Magenic.Maqs.Composite.Template", "Magenic.Maqs.Composite.Template", "{AF3A6D1C-1796-45B3-9FCC-9DE80F498D37}"
EndProject
Project("{9A19103F-16F7-4668-BE54-9A1E7A4F7556}") = "Tests", "CoreTemplates\Magenic.Maqs.Composite.Template\Tests\Tests.csproj", "{2870CB9D-D604-475A-866E-A68D817EA141}"
EndProject
Project("{2150E333-8FDC-42A3-9474-1A3956D46DE8}") = "Magenic.Maqs.Database.Template", "Magenic.Maqs.Database.Template", "{FD51E54F-963C-4E5C-87C8-CC3290823B8F}"
EndProject
Project("{9A19103F-16F7-4668-BE54-9A1E7A4F7556}") = "Tests", "CoreTemplates\Magenic.Maqs.Database.Template\Tests\Tests.csproj", "{8A95C992-C57A-475B-B5A0-1221E43B025B}"
EndProject
Project("{2150E333-8FDC-42A3-9474-1A3956D46DE8}") = "Magenic.Maqs.Email.Template", "Magenic.Maqs.Email.Template", "{527D4C8F-5D1A-4522-A0B5-2FC2BCAB530F}"
EndProject
Project("{9A19103F-16F7-4668-BE54-9A1E7A4F7556}") = "Tests", "CoreTemplates\Magenic.Maqs.Email.Template\Tests\Tests.csproj", "{27B91705-0EF7-4167-A5F8-8CDABFF55544}"
EndProject
Project("{2150E333-8FDC-42A3-9474-1A3956D46DE8}") = "Magenic.Maqs.Selenium.Template", "Magenic.Maqs.Selenium.Template", "{5596B091-E2B5-4B98-AECD-330552856ACE}"
EndProject
Project("{9A19103F-16F7-4668-BE54-9A1E7A4F7556}") = "Tests", "CoreTemplates\Magenic.Maqs.Selenium.Template\Tests\Tests.csproj", "{7B428FE1-04D3-4039-8B2F-49B4D77E301E}"
EndProject
Project("{2150E333-8FDC-42A3-9474-1A3956D46DE8}") = "Magenic.Maqs.Webservice.Template", "Magenic.Maqs.Webservice.Template", "{5191E0A3-72D9-4EBB-B32C-5F611B680673}"
EndProject
Project("{9A19103F-16F7-4668-BE54-9A1E7A4F7556}") = "Tests", "CoreTemplates\Magenic.Maqs.Webservice.Template\Tests\Tests.csproj", "{586249E6-ABEF-443C-9CC3-022A68F57C2B}"
EndProject
Project("{2150E333-8FDC-42A3-9474-1A3956D46DE8}") = "Magenic Test", "Magenic Test", "{ADDA9DD8-6815-41D2-85F3-C6A76AF10416}"
EndProject
Project("{2150E333-8FDC-42A3-9474-1A3956D46DE8}") = "Magenic Test Core", "Magenic Test Core", "{C3DB4003-7E4E-4327-9F00-E1B89125B8D0}"
EndProject
Project("{2150E333-8FDC-42A3-9474-1A3956D46DE8}") = "QATAppiumTemplate", "QATAppiumTemplate", "{36439012-8CA3-4CC9-ACB7-2C5283D9D72D}"
EndProject
Project("{9A19103F-16F7-4668-BE54-9A1E7A4F7556}") = "Tests", "VisualStudioQatExtensionOss\ProjectTemplates\Magenic Test\QATAppiumTemplate\Tests\Tests.csproj", "{EA69FF7D-6675-4116-A3DE-82FB2EF112EF}"
EndProject
Project("{2150E333-8FDC-42A3-9474-1A3956D46DE8}") = "QATBaseTemplate", "QATBaseTemplate", "{B99C036A-4158-420B-A5FF-A4735FA15488}"
EndProject
Project("{9A19103F-16F7-4668-BE54-9A1E7A4F7556}") = "Tests", "VisualStudioQatExtensionOss\ProjectTemplates\Magenic Test\QATBaseTemplate\Tests\Tests.csproj", "{F9168D7B-517D-4053-BE60-4EE7371458A3}"
EndProject
Project("{2150E333-8FDC-42A3-9474-1A3956D46DE8}") = "QATCompositeTemplate", "QATCompositeTemplate", "{479CE585-E6ED-438E-8B99-4F9CD9BFF65D}"
EndProject
Project("{9A19103F-16F7-4668-BE54-9A1E7A4F7556}") = "Tests", "VisualStudioQatExtensionOss\ProjectTemplates\Magenic Test\QATCompositeTemplate\Tests\Tests.csproj", "{A3E85733-AC06-4570-A516-D8F003AB5BDB}"
EndProject
Project("{2150E333-8FDC-42A3-9474-1A3956D46DE8}") = "QATDatabaseTemplate", "QATDatabaseTemplate", "{E6A96E12-27DE-422D-93A5-2900FDD54E65}"
EndProject
Project("{9A19103F-16F7-4668-BE54-9A1E7A4F7556}") = "Tests", "VisualStudioQatExtensionOss\ProjectTemplates\Magenic Test\QATDatabaseTemplate\Tests\Tests.csproj", "{89D4CED2-DB87-4246-A445-F5C7A5960F5B}"
EndProject
Project("{2150E333-8FDC-42A3-9474-1A3956D46DE8}") = "QATEmailTemplate", "QATEmailTemplate", "{6435E798-C29F-4FEF-B22F-1C8828A12A59}"
EndProject
Project("{9A19103F-16F7-4668-BE54-9A1E7A4F7556}") = "Tests", "VisualStudioQatExtensionOss\ProjectTemplates\Magenic Test\QATEmailTemplate\Tests\Tests.csproj", "{EC1C8753-5030-459F-B6E9-CD1D2B98E2B3}"
EndProject
Project("{2150E333-8FDC-42A3-9474-1A3956D46DE8}") = "QATSeleniumTemplate", "QATSeleniumTemplate", "{FD5B5DA4-8ACB-4BC7-978D-39FAC60CE079}"
EndProject
Project("{9A19103F-16F7-4668-BE54-9A1E7A4F7556}") = "Tests", "VisualStudioQatExtensionOss\ProjectTemplates\Magenic Test\QATSeleniumTemplate\Tests\Tests.csproj", "{CC065DF9-1B2C-4123-B7F6-743237DB11A1}"
EndProject
Project("{2150E333-8FDC-42A3-9474-1A3956D46DE8}") = "QATWebserviceTemplate", "QATWebserviceTemplate", "{28FC16FF-EF37-4241-8E8B-E383F4499C38}"
EndProject
Project("{9A19103F-16F7-4668-BE54-9A1E7A4F7556}") = "Tests", "VisualStudioQatExtensionOss\ProjectTemplates\Magenic Test\QATWebserviceTemplate\Tests\Tests.csproj", "{50D46138-38A9-40C1-8310-EAA146A41E68}"
EndProject
Project("{2150E333-8FDC-42A3-9474-1A3956D46DE8}") = "QATAppiumTemplate", "QATAppiumTemplate", "{A13F197D-1A81-4A39-9117-F10BD91A9C70}"
EndProject
Project("{9A19103F-16F7-4668-BE54-9A1E7A4F7556}") = "Tests", "VisualStudioQatExtensionOss\ProjectTemplates\Magenic Test Core\QATAppiumTemplate\Tests\Tests.csproj", "{9B125168-E51A-45ED-A635-F07731C13665}"
EndProject
Project("{2150E333-8FDC-42A3-9474-1A3956D46DE8}") = "QATBaseTemplate", "QATBaseTemplate", "{9B180E95-FEC8-4DF7-8780-465112AFED82}"
EndProject
Project("{9A19103F-16F7-4668-BE54-9A1E7A4F7556}") = "Tests", "VisualStudioQatExtensionOss\ProjectTemplates\Magenic Test Core\QATBaseTemplate\Tests\Tests.csproj", "{D1769AC8-91F8-4CE5-A737-BA3D24330508}"
EndProject
Project("{2150E333-8FDC-42A3-9474-1A3956D46DE8}") = "QATCompositeTemplate", "QATCompositeTemplate", "{79E9AF4E-F3DB-41BF-A11E-85B29C2EAE99}"
EndProject
Project("{9A19103F-16F7-4668-BE54-9A1E7A4F7556}") = "Tests", "VisualStudioQatExtensionOss\ProjectTemplates\Magenic Test Core\QATCompositeTemplate\Tests\Tests.csproj", "{AC0D7F14-42A2-4DA6-B45D-0D4B98377617}"
EndProject
Project("{2150E333-8FDC-42A3-9474-1A3956D46DE8}") = "QATDatabaseTemplate", "QATDatabaseTemplate", "{CBC28E2B-5F70-4A55-8DBE-B38219643A4D}"
EndProject
Project("{9A19103F-16F7-4668-BE54-9A1E7A4F7556}") = "Tests", "VisualStudioQatExtensionOss\ProjectTemplates\Magenic Test Core\QATDatabaseTemplate\Tests\Tests.csproj", "{37743B7D-44F2-4823-A120-D254ABC2D76E}"
EndProject
Project("{2150E333-8FDC-42A3-9474-1A3956D46DE8}") = "QATEmailTemplate", "QATEmailTemplate", "{49958445-9A27-4006-BB94-DC5320D5E07D}"
EndProject
Project("{9A19103F-16F7-4668-BE54-9A1E7A4F7556}") = "Tests", "VisualStudioQatExtensionOss\ProjectTemplates\Magenic Test Core\QATEmailTemplate\Tests\Tests.csproj", "{8B97C4A7-8C1D-4E0B-AE8C-09769F135477}"
EndProject
Project("{2150E333-8FDC-42A3-9474-1A3956D46DE8}") = "QATSeleniumTemplate", "QATSeleniumTemplate", "{AD691749-6929-4AF1-BCA9-17BE444D056F}"
EndProject
Project("{9A19103F-16F7-4668-BE54-9A1E7A4F7556}") = "Tests", "VisualStudioQatExtensionOss\ProjectTemplates\Magenic Test Core\QATSeleniumTemplate\Tests\Tests.csproj", "{FBC18186-00DA-4F07-9A02-3B6F7EB00F3B}"
EndProject
Project("{2150E333-8FDC-42A3-9474-1A3956D46DE8}") = "QATWebserviceTemplate", "QATWebserviceTemplate", "{73FDBC34-CF78-4720-9DAF-FD72EF14E727}"
EndProject
Project("{9A19103F-16F7-4668-BE54-9A1E7A4F7556}") = "Tests", "VisualStudioQatExtensionOss\ProjectTemplates\Magenic Test Core\QATWebserviceTemplate\Tests\Tests.csproj", "{B56CB921-1008-4216-82C5-634EFBB981EC}"
EndProject
Global
	GlobalSection(SolutionConfigurationPlatforms) = preSolution
		Debug|Any CPU = Debug|Any CPU
		Release|Any CPU = Release|Any CPU
	EndGlobalSection
	GlobalSection(ProjectConfigurationPlatforms) = postSolution
		{564CF2AE-C4FF-43BF-8CB8-0BA5F433BCA2}.Debug|Any CPU.ActiveCfg = Debug|Any CPU
		{564CF2AE-C4FF-43BF-8CB8-0BA5F433BCA2}.Debug|Any CPU.Build.0 = Debug|Any CPU
		{564CF2AE-C4FF-43BF-8CB8-0BA5F433BCA2}.Release|Any CPU.ActiveCfg = Release|Any CPU
		{564CF2AE-C4FF-43BF-8CB8-0BA5F433BCA2}.Release|Any CPU.Build.0 = Release|Any CPU
		{DDB90683-6EC6-48D8-A621-AE1E4C928D94}.Debug|Any CPU.ActiveCfg = Debug|Any CPU
		{DDB90683-6EC6-48D8-A621-AE1E4C928D94}.Debug|Any CPU.Build.0 = Debug|Any CPU
		{DDB90683-6EC6-48D8-A621-AE1E4C928D94}.Release|Any CPU.ActiveCfg = Release|Any CPU
		{DDB90683-6EC6-48D8-A621-AE1E4C928D94}.Release|Any CPU.Build.0 = Release|Any CPU
		{2A00877D-64A1-48AA-A4D0-87C8CFC27E9A}.Debug|Any CPU.ActiveCfg = Debug|Any CPU
		{2A00877D-64A1-48AA-A4D0-87C8CFC27E9A}.Debug|Any CPU.Build.0 = Debug|Any CPU
		{2A00877D-64A1-48AA-A4D0-87C8CFC27E9A}.Release|Any CPU.ActiveCfg = Release|Any CPU
		{2A00877D-64A1-48AA-A4D0-87C8CFC27E9A}.Release|Any CPU.Build.0 = Release|Any CPU
		{C91B0AFE-EC9F-4230-A778-54D2A0A84615}.Debug|Any CPU.ActiveCfg = Debug|Any CPU
		{C91B0AFE-EC9F-4230-A778-54D2A0A84615}.Debug|Any CPU.Build.0 = Debug|Any CPU
		{C91B0AFE-EC9F-4230-A778-54D2A0A84615}.Release|Any CPU.ActiveCfg = Release|Any CPU
		{C91B0AFE-EC9F-4230-A778-54D2A0A84615}.Release|Any CPU.Build.0 = Release|Any CPU
		{A4B4B80D-6B6C-4634-8A62-03C6A1D2EEAF}.Debug|Any CPU.ActiveCfg = Debug|Any CPU
		{A4B4B80D-6B6C-4634-8A62-03C6A1D2EEAF}.Debug|Any CPU.Build.0 = Debug|Any CPU
		{A4B4B80D-6B6C-4634-8A62-03C6A1D2EEAF}.Release|Any CPU.ActiveCfg = Release|Any CPU
		{A4B4B80D-6B6C-4634-8A62-03C6A1D2EEAF}.Release|Any CPU.Build.0 = Release|Any CPU
		{BFA761D7-F882-439F-AC22-51B85BF67B36}.Debug|Any CPU.ActiveCfg = Debug|Any CPU
		{BFA761D7-F882-439F-AC22-51B85BF67B36}.Debug|Any CPU.Build.0 = Debug|Any CPU
		{BFA761D7-F882-439F-AC22-51B85BF67B36}.Release|Any CPU.ActiveCfg = Release|Any CPU
		{BFA761D7-F882-439F-AC22-51B85BF67B36}.Release|Any CPU.Build.0 = Release|Any CPU
		{6FC6A4A5-D88E-4750-8A6C-4457243D43B8}.Debug|Any CPU.ActiveCfg = Debug|Any CPU
		{6FC6A4A5-D88E-4750-8A6C-4457243D43B8}.Debug|Any CPU.Build.0 = Debug|Any CPU
		{6FC6A4A5-D88E-4750-8A6C-4457243D43B8}.Release|Any CPU.ActiveCfg = Release|Any CPU
		{6FC6A4A5-D88E-4750-8A6C-4457243D43B8}.Release|Any CPU.Build.0 = Release|Any CPU
		{DAFCCCC6-7467-4136-A1C4-F929F553AAE3}.Debug|Any CPU.ActiveCfg = Debug|Any CPU
		{DAFCCCC6-7467-4136-A1C4-F929F553AAE3}.Debug|Any CPU.Build.0 = Debug|Any CPU
		{DAFCCCC6-7467-4136-A1C4-F929F553AAE3}.Release|Any CPU.ActiveCfg = Release|Any CPU
		{DAFCCCC6-7467-4136-A1C4-F929F553AAE3}.Release|Any CPU.Build.0 = Release|Any CPU
		{2870CB9D-D604-475A-866E-A68D817EA141}.Debug|Any CPU.ActiveCfg = Debug|Any CPU
		{2870CB9D-D604-475A-866E-A68D817EA141}.Debug|Any CPU.Build.0 = Debug|Any CPU
		{2870CB9D-D604-475A-866E-A68D817EA141}.Release|Any CPU.ActiveCfg = Release|Any CPU
		{2870CB9D-D604-475A-866E-A68D817EA141}.Release|Any CPU.Build.0 = Release|Any CPU
		{8A95C992-C57A-475B-B5A0-1221E43B025B}.Debug|Any CPU.ActiveCfg = Debug|Any CPU
		{8A95C992-C57A-475B-B5A0-1221E43B025B}.Debug|Any CPU.Build.0 = Debug|Any CPU
		{8A95C992-C57A-475B-B5A0-1221E43B025B}.Release|Any CPU.ActiveCfg = Release|Any CPU
		{8A95C992-C57A-475B-B5A0-1221E43B025B}.Release|Any CPU.Build.0 = Release|Any CPU
		{27B91705-0EF7-4167-A5F8-8CDABFF55544}.Debug|Any CPU.ActiveCfg = Debug|Any CPU
		{27B91705-0EF7-4167-A5F8-8CDABFF55544}.Debug|Any CPU.Build.0 = Debug|Any CPU
		{27B91705-0EF7-4167-A5F8-8CDABFF55544}.Release|Any CPU.ActiveCfg = Release|Any CPU
		{27B91705-0EF7-4167-A5F8-8CDABFF55544}.Release|Any CPU.Build.0 = Release|Any CPU
		{7B428FE1-04D3-4039-8B2F-49B4D77E301E}.Debug|Any CPU.ActiveCfg = Debug|Any CPU
		{7B428FE1-04D3-4039-8B2F-49B4D77E301E}.Debug|Any CPU.Build.0 = Debug|Any CPU
		{7B428FE1-04D3-4039-8B2F-49B4D77E301E}.Release|Any CPU.ActiveCfg = Release|Any CPU
		{7B428FE1-04D3-4039-8B2F-49B4D77E301E}.Release|Any CPU.Build.0 = Release|Any CPU
		{586249E6-ABEF-443C-9CC3-022A68F57C2B}.Debug|Any CPU.ActiveCfg = Debug|Any CPU
		{586249E6-ABEF-443C-9CC3-022A68F57C2B}.Debug|Any CPU.Build.0 = Debug|Any CPU
		{586249E6-ABEF-443C-9CC3-022A68F57C2B}.Release|Any CPU.ActiveCfg = Release|Any CPU
		{586249E6-ABEF-443C-9CC3-022A68F57C2B}.Release|Any CPU.Build.0 = Release|Any CPU
		{EA69FF7D-6675-4116-A3DE-82FB2EF112EF}.Debug|Any CPU.ActiveCfg = Debug|Any CPU
		{EA69FF7D-6675-4116-A3DE-82FB2EF112EF}.Debug|Any CPU.Build.0 = Debug|Any CPU
		{EA69FF7D-6675-4116-A3DE-82FB2EF112EF}.Release|Any CPU.ActiveCfg = Release|Any CPU
		{EA69FF7D-6675-4116-A3DE-82FB2EF112EF}.Release|Any CPU.Build.0 = Release|Any CPU
		{F9168D7B-517D-4053-BE60-4EE7371458A3}.Debug|Any CPU.ActiveCfg = Debug|Any CPU
		{F9168D7B-517D-4053-BE60-4EE7371458A3}.Debug|Any CPU.Build.0 = Debug|Any CPU
		{F9168D7B-517D-4053-BE60-4EE7371458A3}.Release|Any CPU.ActiveCfg = Release|Any CPU
		{F9168D7B-517D-4053-BE60-4EE7371458A3}.Release|Any CPU.Build.0 = Release|Any CPU
		{A3E85733-AC06-4570-A516-D8F003AB5BDB}.Debug|Any CPU.ActiveCfg = Debug|Any CPU
		{A3E85733-AC06-4570-A516-D8F003AB5BDB}.Debug|Any CPU.Build.0 = Debug|Any CPU
		{A3E85733-AC06-4570-A516-D8F003AB5BDB}.Release|Any CPU.ActiveCfg = Release|Any CPU
		{A3E85733-AC06-4570-A516-D8F003AB5BDB}.Release|Any CPU.Build.0 = Release|Any CPU
		{89D4CED2-DB87-4246-A445-F5C7A5960F5B}.Debug|Any CPU.ActiveCfg = Debug|Any CPU
		{89D4CED2-DB87-4246-A445-F5C7A5960F5B}.Debug|Any CPU.Build.0 = Debug|Any CPU
		{89D4CED2-DB87-4246-A445-F5C7A5960F5B}.Release|Any CPU.ActiveCfg = Release|Any CPU
		{89D4CED2-DB87-4246-A445-F5C7A5960F5B}.Release|Any CPU.Build.0 = Release|Any CPU
		{EC1C8753-5030-459F-B6E9-CD1D2B98E2B3}.Debug|Any CPU.ActiveCfg = Debug|Any CPU
		{EC1C8753-5030-459F-B6E9-CD1D2B98E2B3}.Debug|Any CPU.Build.0 = Debug|Any CPU
		{EC1C8753-5030-459F-B6E9-CD1D2B98E2B3}.Release|Any CPU.ActiveCfg = Release|Any CPU
		{EC1C8753-5030-459F-B6E9-CD1D2B98E2B3}.Release|Any CPU.Build.0 = Release|Any CPU
		{CC065DF9-1B2C-4123-B7F6-743237DB11A1}.Debug|Any CPU.ActiveCfg = Debug|Any CPU
		{CC065DF9-1B2C-4123-B7F6-743237DB11A1}.Debug|Any CPU.Build.0 = Debug|Any CPU
		{CC065DF9-1B2C-4123-B7F6-743237DB11A1}.Release|Any CPU.ActiveCfg = Release|Any CPU
		{CC065DF9-1B2C-4123-B7F6-743237DB11A1}.Release|Any CPU.Build.0 = Release|Any CPU
		{50D46138-38A9-40C1-8310-EAA146A41E68}.Debug|Any CPU.ActiveCfg = Debug|Any CPU
		{50D46138-38A9-40C1-8310-EAA146A41E68}.Debug|Any CPU.Build.0 = Debug|Any CPU
		{50D46138-38A9-40C1-8310-EAA146A41E68}.Release|Any CPU.ActiveCfg = Release|Any CPU
		{50D46138-38A9-40C1-8310-EAA146A41E68}.Release|Any CPU.Build.0 = Release|Any CPU
		{9B125168-E51A-45ED-A635-F07731C13665}.Debug|Any CPU.ActiveCfg = Debug|Any CPU
		{9B125168-E51A-45ED-A635-F07731C13665}.Debug|Any CPU.Build.0 = Debug|Any CPU
		{9B125168-E51A-45ED-A635-F07731C13665}.Release|Any CPU.ActiveCfg = Release|Any CPU
		{9B125168-E51A-45ED-A635-F07731C13665}.Release|Any CPU.Build.0 = Release|Any CPU
		{D1769AC8-91F8-4CE5-A737-BA3D24330508}.Debug|Any CPU.ActiveCfg = Debug|Any CPU
		{D1769AC8-91F8-4CE5-A737-BA3D24330508}.Debug|Any CPU.Build.0 = Debug|Any CPU
		{D1769AC8-91F8-4CE5-A737-BA3D24330508}.Release|Any CPU.ActiveCfg = Release|Any CPU
		{D1769AC8-91F8-4CE5-A737-BA3D24330508}.Release|Any CPU.Build.0 = Release|Any CPU
		{AC0D7F14-42A2-4DA6-B45D-0D4B98377617}.Debug|Any CPU.ActiveCfg = Debug|Any CPU
		{AC0D7F14-42A2-4DA6-B45D-0D4B98377617}.Debug|Any CPU.Build.0 = Debug|Any CPU
		{AC0D7F14-42A2-4DA6-B45D-0D4B98377617}.Release|Any CPU.ActiveCfg = Release|Any CPU
		{AC0D7F14-42A2-4DA6-B45D-0D4B98377617}.Release|Any CPU.Build.0 = Release|Any CPU
		{37743B7D-44F2-4823-A120-D254ABC2D76E}.Debug|Any CPU.ActiveCfg = Debug|Any CPU
		{37743B7D-44F2-4823-A120-D254ABC2D76E}.Debug|Any CPU.Build.0 = Debug|Any CPU
		{37743B7D-44F2-4823-A120-D254ABC2D76E}.Release|Any CPU.ActiveCfg = Release|Any CPU
		{37743B7D-44F2-4823-A120-D254ABC2D76E}.Release|Any CPU.Build.0 = Release|Any CPU
		{8B97C4A7-8C1D-4E0B-AE8C-09769F135477}.Debug|Any CPU.ActiveCfg = Debug|Any CPU
		{8B97C4A7-8C1D-4E0B-AE8C-09769F135477}.Debug|Any CPU.Build.0 = Debug|Any CPU
		{8B97C4A7-8C1D-4E0B-AE8C-09769F135477}.Release|Any CPU.ActiveCfg = Release|Any CPU
		{8B97C4A7-8C1D-4E0B-AE8C-09769F135477}.Release|Any CPU.Build.0 = Release|Any CPU
		{FBC18186-00DA-4F07-9A02-3B6F7EB00F3B}.Debug|Any CPU.ActiveCfg = Debug|Any CPU
		{FBC18186-00DA-4F07-9A02-3B6F7EB00F3B}.Debug|Any CPU.Build.0 = Debug|Any CPU
		{FBC18186-00DA-4F07-9A02-3B6F7EB00F3B}.Release|Any CPU.ActiveCfg = Release|Any CPU
		{FBC18186-00DA-4F07-9A02-3B6F7EB00F3B}.Release|Any CPU.Build.0 = Release|Any CPU
		{B56CB921-1008-4216-82C5-634EFBB981EC}.Debug|Any CPU.ActiveCfg = Debug|Any CPU
		{B56CB921-1008-4216-82C5-634EFBB981EC}.Debug|Any CPU.Build.0 = Debug|Any CPU
		{B56CB921-1008-4216-82C5-634EFBB981EC}.Release|Any CPU.ActiveCfg = Release|Any CPU
		{B56CB921-1008-4216-82C5-634EFBB981EC}.Release|Any CPU.Build.0 = Release|Any CPU
	EndGlobalSection
	GlobalSection(SolutionProperties) = preSolution
		HideSolutionNode = FALSE
	EndGlobalSection
	GlobalSection(NestedProjects) = preSolution
		{3D038141-3750-47B1-91AD-5266521EC947} = {55AB6412-FD99-425F-AE77-DB6F4E1C559B}
		{564CF2AE-C4FF-43BF-8CB8-0BA5F433BCA2} = {3D038141-3750-47B1-91AD-5266521EC947}
		{EE78083F-0638-425C-9417-65E15EAA6213} = {55AB6412-FD99-425F-AE77-DB6F4E1C559B}
		{DDB90683-6EC6-48D8-A621-AE1E4C928D94} = {EE78083F-0638-425C-9417-65E15EAA6213}
		{308D2FEA-87DE-479B-9EE2-68A4771468D5} = {55AB6412-FD99-425F-AE77-DB6F4E1C559B}
		{2A00877D-64A1-48AA-A4D0-87C8CFC27E9A} = {308D2FEA-87DE-479B-9EE2-68A4771468D5}
		{E4F0F3F2-9187-4150-ACE7-71DE887F8D21} = {55AB6412-FD99-425F-AE77-DB6F4E1C559B}
		{C91B0AFE-EC9F-4230-A778-54D2A0A84615} = {E4F0F3F2-9187-4150-ACE7-71DE887F8D21}
		{C8A489F2-8EBE-4088-AF7C-AE35D19AE4C3} = {55AB6412-FD99-425F-AE77-DB6F4E1C559B}
		{A4B4B80D-6B6C-4634-8A62-03C6A1D2EEAF} = {C8A489F2-8EBE-4088-AF7C-AE35D19AE4C3}
		{7689203D-C373-4780-BB1C-4343F2C8D4EA} = {55AB6412-FD99-425F-AE77-DB6F4E1C559B}
		{BFA761D7-F882-439F-AC22-51B85BF67B36} = {7689203D-C373-4780-BB1C-4343F2C8D4EA}
		{73F5C935-E157-4204-A036-4C29FFC27BF5} = {48E26093-109B-4351-A7A4-BD7B97AFCA84}
		{6FC6A4A5-D88E-4750-8A6C-4457243D43B8} = {73F5C935-E157-4204-A036-4C29FFC27BF5}
		{D9DF7923-4E8E-4D9D-A955-1B1F54850FDF} = {48E26093-109B-4351-A7A4-BD7B97AFCA84}
		{DAFCCCC6-7467-4136-A1C4-F929F553AAE3} = {D9DF7923-4E8E-4D9D-A955-1B1F54850FDF}
		{AF3A6D1C-1796-45B3-9FCC-9DE80F498D37} = {48E26093-109B-4351-A7A4-BD7B97AFCA84}
		{2870CB9D-D604-475A-866E-A68D817EA141} = {AF3A6D1C-1796-45B3-9FCC-9DE80F498D37}
		{FD51E54F-963C-4E5C-87C8-CC3290823B8F} = {48E26093-109B-4351-A7A4-BD7B97AFCA84}
		{8A95C992-C57A-475B-B5A0-1221E43B025B} = {FD51E54F-963C-4E5C-87C8-CC3290823B8F}
		{527D4C8F-5D1A-4522-A0B5-2FC2BCAB530F} = {48E26093-109B-4351-A7A4-BD7B97AFCA84}
		{27B91705-0EF7-4167-A5F8-8CDABFF55544} = {527D4C8F-5D1A-4522-A0B5-2FC2BCAB530F}
		{5596B091-E2B5-4B98-AECD-330552856ACE} = {48E26093-109B-4351-A7A4-BD7B97AFCA84}
		{7B428FE1-04D3-4039-8B2F-49B4D77E301E} = {5596B091-E2B5-4B98-AECD-330552856ACE}
		{5191E0A3-72D9-4EBB-B32C-5F611B680673} = {48E26093-109B-4351-A7A4-BD7B97AFCA84}
		{586249E6-ABEF-443C-9CC3-022A68F57C2B} = {5191E0A3-72D9-4EBB-B32C-5F611B680673}
		{ADDA9DD8-6815-41D2-85F3-C6A76AF10416} = {519F8006-EDE6-4055-A136-8F616ECF9FBE}
		{C3DB4003-7E4E-4327-9F00-E1B89125B8D0} = {519F8006-EDE6-4055-A136-8F616ECF9FBE}
		{36439012-8CA3-4CC9-ACB7-2C5283D9D72D} = {ADDA9DD8-6815-41D2-85F3-C6A76AF10416}
		{EA69FF7D-6675-4116-A3DE-82FB2EF112EF} = {36439012-8CA3-4CC9-ACB7-2C5283D9D72D}
		{B99C036A-4158-420B-A5FF-A4735FA15488} = {ADDA9DD8-6815-41D2-85F3-C6A76AF10416}
		{F9168D7B-517D-4053-BE60-4EE7371458A3} = {B99C036A-4158-420B-A5FF-A4735FA15488}
		{479CE585-E6ED-438E-8B99-4F9CD9BFF65D} = {ADDA9DD8-6815-41D2-85F3-C6A76AF10416}
		{A3E85733-AC06-4570-A516-D8F003AB5BDB} = {479CE585-E6ED-438E-8B99-4F9CD9BFF65D}
		{E6A96E12-27DE-422D-93A5-2900FDD54E65} = {ADDA9DD8-6815-41D2-85F3-C6A76AF10416}
		{89D4CED2-DB87-4246-A445-F5C7A5960F5B} = {E6A96E12-27DE-422D-93A5-2900FDD54E65}
		{6435E798-C29F-4FEF-B22F-1C8828A12A59} = {ADDA9DD8-6815-41D2-85F3-C6A76AF10416}
		{EC1C8753-5030-459F-B6E9-CD1D2B98E2B3} = {6435E798-C29F-4FEF-B22F-1C8828A12A59}
		{FD5B5DA4-8ACB-4BC7-978D-39FAC60CE079} = {ADDA9DD8-6815-41D2-85F3-C6A76AF10416}
		{CC065DF9-1B2C-4123-B7F6-743237DB11A1} = {FD5B5DA4-8ACB-4BC7-978D-39FAC60CE079}
		{28FC16FF-EF37-4241-8E8B-E383F4499C38} = {ADDA9DD8-6815-41D2-85F3-C6A76AF10416}
		{50D46138-38A9-40C1-8310-EAA146A41E68} = {28FC16FF-EF37-4241-8E8B-E383F4499C38}
		{A13F197D-1A81-4A39-9117-F10BD91A9C70} = {C3DB4003-7E4E-4327-9F00-E1B89125B8D0}
		{9B125168-E51A-45ED-A635-F07731C13665} = {A13F197D-1A81-4A39-9117-F10BD91A9C70}
		{9B180E95-FEC8-4DF7-8780-465112AFED82} = {C3DB4003-7E4E-4327-9F00-E1B89125B8D0}
		{D1769AC8-91F8-4CE5-A737-BA3D24330508} = {9B180E95-FEC8-4DF7-8780-465112AFED82}
		{79E9AF4E-F3DB-41BF-A11E-85B29C2EAE99} = {C3DB4003-7E4E-4327-9F00-E1B89125B8D0}
		{AC0D7F14-42A2-4DA6-B45D-0D4B98377617} = {79E9AF4E-F3DB-41BF-A11E-85B29C2EAE99}
		{CBC28E2B-5F70-4A55-8DBE-B38219643A4D} = {C3DB4003-7E4E-4327-9F00-E1B89125B8D0}
		{37743B7D-44F2-4823-A120-D254ABC2D76E} = {CBC28E2B-5F70-4A55-8DBE-B38219643A4D}
		{49958445-9A27-4006-BB94-DC5320D5E07D} = {C3DB4003-7E4E-4327-9F00-E1B89125B8D0}
		{8B97C4A7-8C1D-4E0B-AE8C-09769F135477} = {49958445-9A27-4006-BB94-DC5320D5E07D}
		{AD691749-6929-4AF1-BCA9-17BE444D056F} = {C3DB4003-7E4E-4327-9F00-E1B89125B8D0}
		{FBC18186-00DA-4F07-9A02-3B6F7EB00F3B} = {AD691749-6929-4AF1-BCA9-17BE444D056F}
		{73FDBC34-CF78-4720-9DAF-FD72EF14E727} = {C3DB4003-7E4E-4327-9F00-E1B89125B8D0}
		{B56CB921-1008-4216-82C5-634EFBB981EC} = {73FDBC34-CF78-4720-9DAF-FD72EF14E727}
	EndGlobalSection
	GlobalSection(ExtensibilityGlobals) = postSolution
		SolutionGuid = {FBAB26C3-5C6B-4AD1-9FD6-9054379784C3}
	EndGlobalSection
EndGlobal
