
Microsoft Visual Studio Solution File, Format Version 12.00
# Visual Studio 15
VisualStudioVersion = 15.0.27130.2036
MinimumVisualStudioVersion = 10.0.40219.1
Project("{9A19103F-16F7-4668-BE54-9A1E7A4F7556}") = "Utilities", "Utilities\Utilities.csproj", "{AA8FAA47-1380-424B-85B7-41F52A6B1F9D}"
EndProject
Project("{9A19103F-16F7-4668-BE54-9A1E7A4F7556}") = "BaseTest", "BaseTest\BaseTest.csproj", "{2194BDF2-6625-41EC-A7C1-BFFA14687503}"
EndProject
Project("{9A19103F-16F7-4668-BE54-9A1E7A4F7556}") = "BaseSeleniumTest", "BaseSeleniumTest\BaseSeleniumTest.csproj", "{B4205BA1-3289-45F6-BCDB-87EB1A8F8169}"
EndProject
Project("{9A19103F-16F7-4668-BE54-9A1E7A4F7556}") = "BaseDatabaseTest", "BaseDatabaseTest\BaseDatabaseTest.csproj", "{2413687C-8F2A-4673-932F-37F1DC17357D}"
EndProject
Project("{9A19103F-16F7-4668-BE54-9A1E7A4F7556}") = "BaseEmailTest", "BaseEmailTest\BaseEmailTest.csproj", "{61056C69-7F55-4D02-A649-3CE01121211B}"
EndProject
Project("{9A19103F-16F7-4668-BE54-9A1E7A4F7556}") = "BaseWebServiceTest", "BaseWebServiceTest\BaseWebServiceTest.csproj", "{66C6350E-1EF7-4F03-848A-4D024F22B9D4}"
EndProject
Project("{9A19103F-16F7-4668-BE54-9A1E7A4F7556}") = "BaseMongoTest", "BaseMongoTest\BaseMongoTest.csproj", "{91CA9BC9-C036-442D-9032-4B2A184E2B17}"
EndProject
Project("{FAE04EC0-301F-11D3-BF4B-00C04F79EFBC}") = "BaseAppiumTest", "BaseAppiumTest\BaseAppiumTest.csproj", "{4CEE19ED-7646-45CF-BB47-1AED4494DDC2}"
EndProject
Project("{FAE04EC0-301F-11D3-BF4B-00C04F79EFBC}") = "AppiumUnitTests", "AppiumUnitTests\AppiumUnitTests.csproj", "{03A57B20-EF13-4E86-9721-34A75F44CC0E}"
EndProject
Project("{FAE04EC0-301F-11D3-BF4B-00C04F79EFBC}") = "BaseTestUnitTests", "BaseTestUnitTests\BaseTestUnitTests.csproj", "{723369F4-2ED9-4B94-960B-35E776DD2537}"
EndProject
Project("{FAE04EC0-301F-11D3-BF4B-00C04F79EFBC}") = "UtilitiesUnitTests", "UtilitiesUnitTests\UtilitiesUnitTests.csproj", "{EB73F194-713A-4EDB-8694-F9E8F989E4A8}"
EndProject
Project("{FAE04EC0-301F-11D3-BF4B-00C04F79EFBC}") = "WebServiceUnitTests", "WebServiceUnitTests\WebServiceUnitTests.csproj", "{3BE694CC-C685-4484-8ECA-A0ACBBB0DA9D}"
EndProject
Project("{FAE04EC0-301F-11D3-BF4B-00C04F79EFBC}") = "SeleniumUnitTests", "SeleniumUnitTests\SeleniumUnitTests.csproj", "{73D0DE15-F2B1-4C91-9F3A-7F6FAC7121DF}"
EndProject
Project("{FAE04EC0-301F-11D3-BF4B-00C04F79EFBC}") = "NugetBuild", "NugetBuild\NugetBuild.csproj", "{988DFCFF-49AE-4677-9B50-D61C14008E49}"
EndProject
Project("{2150E333-8FDC-42A3-9474-1A3956D46DE8}") = "Solution Items", "Solution Items", "{CF6F67BE-25AF-4BB3-B841-CF40FA8EC6D1}"
	ProjectSection(SolutionItems) = preProject
		Parallel.RunSettings = Parallel.RunSettings
	EndProjectSection
EndProject
Project("{FAE04EC0-301F-11D3-BF4B-00C04F79EFBC}") = "DatabaseUnitTests", "DatabaseUnitTests\DatabaseUnitTests.csproj", "{1BF34A71-A13B-4E18-843D-4F296805B6C9}"
EndProject
Project("{FAE04EC0-301F-11D3-BF4B-00C04F79EFBC}") = "EmailUnitTests", "EmailUnitTests\EmailUnitTests.csproj", "{5A9AB14D-1A80-44C3-AC72-421BAD578C41}"
EndProject
Project("{FAE04EC0-301F-11D3-BF4B-00C04F79EFBC}") = "SpecFlowExtension", "SpecFlowExtension\SpecFlowExtension.csproj", "{73A3B99B-CDCB-430B-A03C-5A57869A4C33}"
EndProject
Project("{9A19103F-16F7-4668-BE54-9A1E7A4F7556}") = "CoreUnitTests", "CoreUnitTests\CoreUnitTests.csproj", "{A2DCB753-7311-4FA8-8D29-8733CC1CD198}"
EndProject
Project("{FAE04EC0-301F-11D3-BF4B-00C04F79EFBC}") = "SpecFlowExtensionUnitTests", "SpecFlowExtensionUnitTests\SpecFlowExtensionUnitTests.csproj", "{37F9B3AC-F61B-46E9-9DC6-B16860A2C272}"
EndProject
Project("{FAE04EC0-301F-11D3-BF4B-00C04F79EFBC}") = "SpecFlowExtensionNUnitTests", "SpecFlowExtensionNUnitTests\SpecFlowExtensionNUnitTests.csproj", "{9AFDD017-DA0F-4546-9BCE-FDE1A0605E1A}"
EndProject
Project("{FAE04EC0-301F-11D3-BF4B-00C04F79EFBC}") = "MongoDBUnitTests", "MongoDBUnitTests\MongoDBUnitTests.csproj", "{F4AB7FF4-21E6-4CBB-8547-ABFB3FD8A498}"
EndProject
Project("{FAE04EC0-301F-11D3-BF4B-00C04F79EFBC}") = "CompositeUnitTests", "CompositeUnitTests\CompositeUnitTests.csproj", "{6F51C4EC-FBCD-476A-8DF6-CB4A05A1D47C}"
EndProject
Global
	GlobalSection(SolutionConfigurationPlatforms) = preSolution
		Debug|Any CPU = Debug|Any CPU
		Debug|iPhone = Debug|iPhone
		Debug|iPhoneSimulator = Debug|iPhoneSimulator
		Release|Any CPU = Release|Any CPU
		Release|iPhone = Release|iPhone
		Release|iPhoneSimulator = Release|iPhoneSimulator
		ReleaseShim|Any CPU = ReleaseShim|Any CPU
		ReleaseShim|iPhone = ReleaseShim|iPhone
		ReleaseShim|iPhoneSimulator = ReleaseShim|iPhoneSimulator
	EndGlobalSection
	GlobalSection(ProjectConfigurationPlatforms) = postSolution
		{AA8FAA47-1380-424B-85B7-41F52A6B1F9D}.Debug|Any CPU.ActiveCfg = Debug|Any CPU
		{AA8FAA47-1380-424B-85B7-41F52A6B1F9D}.Debug|Any CPU.Build.0 = Debug|Any CPU
		{AA8FAA47-1380-424B-85B7-41F52A6B1F9D}.Debug|iPhone.ActiveCfg = Debug|Any CPU
		{AA8FAA47-1380-424B-85B7-41F52A6B1F9D}.Debug|iPhone.Build.0 = Debug|Any CPU
		{AA8FAA47-1380-424B-85B7-41F52A6B1F9D}.Debug|iPhoneSimulator.ActiveCfg = Debug|Any CPU
		{AA8FAA47-1380-424B-85B7-41F52A6B1F9D}.Debug|iPhoneSimulator.Build.0 = Debug|Any CPU
		{AA8FAA47-1380-424B-85B7-41F52A6B1F9D}.Release|Any CPU.ActiveCfg = Release|Any CPU
		{AA8FAA47-1380-424B-85B7-41F52A6B1F9D}.Release|Any CPU.Build.0 = Release|Any CPU
		{AA8FAA47-1380-424B-85B7-41F52A6B1F9D}.Release|iPhone.ActiveCfg = Release|Any CPU
		{AA8FAA47-1380-424B-85B7-41F52A6B1F9D}.Release|iPhone.Build.0 = Release|Any CPU
		{AA8FAA47-1380-424B-85B7-41F52A6B1F9D}.Release|iPhoneSimulator.ActiveCfg = Release|Any CPU
		{AA8FAA47-1380-424B-85B7-41F52A6B1F9D}.Release|iPhoneSimulator.Build.0 = Release|Any CPU
		{AA8FAA47-1380-424B-85B7-41F52A6B1F9D}.ReleaseShim|Any CPU.ActiveCfg = Release|Any CPU
		{AA8FAA47-1380-424B-85B7-41F52A6B1F9D}.ReleaseShim|Any CPU.Build.0 = Release|Any CPU
		{AA8FAA47-1380-424B-85B7-41F52A6B1F9D}.ReleaseShim|iPhone.ActiveCfg = Release|Any CPU
		{AA8FAA47-1380-424B-85B7-41F52A6B1F9D}.ReleaseShim|iPhone.Build.0 = Release|Any CPU
		{AA8FAA47-1380-424B-85B7-41F52A6B1F9D}.ReleaseShim|iPhoneSimulator.ActiveCfg = Release|Any CPU
		{AA8FAA47-1380-424B-85B7-41F52A6B1F9D}.ReleaseShim|iPhoneSimulator.Build.0 = Release|Any CPU
		{2194BDF2-6625-41EC-A7C1-BFFA14687503}.Debug|Any CPU.ActiveCfg = Debug|Any CPU
		{2194BDF2-6625-41EC-A7C1-BFFA14687503}.Debug|Any CPU.Build.0 = Debug|Any CPU
		{2194BDF2-6625-41EC-A7C1-BFFA14687503}.Debug|iPhone.ActiveCfg = Debug|Any CPU
		{2194BDF2-6625-41EC-A7C1-BFFA14687503}.Debug|iPhone.Build.0 = Debug|Any CPU
		{2194BDF2-6625-41EC-A7C1-BFFA14687503}.Debug|iPhoneSimulator.ActiveCfg = Debug|Any CPU
		{2194BDF2-6625-41EC-A7C1-BFFA14687503}.Debug|iPhoneSimulator.Build.0 = Debug|Any CPU
		{2194BDF2-6625-41EC-A7C1-BFFA14687503}.Release|Any CPU.ActiveCfg = Release|Any CPU
		{2194BDF2-6625-41EC-A7C1-BFFA14687503}.Release|Any CPU.Build.0 = Release|Any CPU
		{2194BDF2-6625-41EC-A7C1-BFFA14687503}.Release|iPhone.ActiveCfg = Release|Any CPU
		{2194BDF2-6625-41EC-A7C1-BFFA14687503}.Release|iPhone.Build.0 = Release|Any CPU
		{2194BDF2-6625-41EC-A7C1-BFFA14687503}.Release|iPhoneSimulator.ActiveCfg = Release|Any CPU
		{2194BDF2-6625-41EC-A7C1-BFFA14687503}.Release|iPhoneSimulator.Build.0 = Release|Any CPU
		{2194BDF2-6625-41EC-A7C1-BFFA14687503}.ReleaseShim|Any CPU.ActiveCfg = Release|Any CPU
		{2194BDF2-6625-41EC-A7C1-BFFA14687503}.ReleaseShim|Any CPU.Build.0 = Release|Any CPU
		{2194BDF2-6625-41EC-A7C1-BFFA14687503}.ReleaseShim|iPhone.ActiveCfg = Release|Any CPU
		{2194BDF2-6625-41EC-A7C1-BFFA14687503}.ReleaseShim|iPhone.Build.0 = Release|Any CPU
		{2194BDF2-6625-41EC-A7C1-BFFA14687503}.ReleaseShim|iPhoneSimulator.ActiveCfg = Release|Any CPU
		{2194BDF2-6625-41EC-A7C1-BFFA14687503}.ReleaseShim|iPhoneSimulator.Build.0 = Release|Any CPU
		{B4205BA1-3289-45F6-BCDB-87EB1A8F8169}.Debug|Any CPU.ActiveCfg = Debug|Any CPU
		{B4205BA1-3289-45F6-BCDB-87EB1A8F8169}.Debug|Any CPU.Build.0 = Debug|Any CPU
		{B4205BA1-3289-45F6-BCDB-87EB1A8F8169}.Debug|iPhone.ActiveCfg = Debug|Any CPU
		{B4205BA1-3289-45F6-BCDB-87EB1A8F8169}.Debug|iPhone.Build.0 = Debug|Any CPU
		{B4205BA1-3289-45F6-BCDB-87EB1A8F8169}.Debug|iPhoneSimulator.ActiveCfg = Debug|Any CPU
		{B4205BA1-3289-45F6-BCDB-87EB1A8F8169}.Debug|iPhoneSimulator.Build.0 = Debug|Any CPU
		{B4205BA1-3289-45F6-BCDB-87EB1A8F8169}.Release|Any CPU.ActiveCfg = Release|Any CPU
		{B4205BA1-3289-45F6-BCDB-87EB1A8F8169}.Release|Any CPU.Build.0 = Release|Any CPU
		{B4205BA1-3289-45F6-BCDB-87EB1A8F8169}.Release|iPhone.ActiveCfg = Release|Any CPU
		{B4205BA1-3289-45F6-BCDB-87EB1A8F8169}.Release|iPhone.Build.0 = Release|Any CPU
		{B4205BA1-3289-45F6-BCDB-87EB1A8F8169}.Release|iPhoneSimulator.ActiveCfg = Release|Any CPU
		{B4205BA1-3289-45F6-BCDB-87EB1A8F8169}.Release|iPhoneSimulator.Build.0 = Release|Any CPU
		{B4205BA1-3289-45F6-BCDB-87EB1A8F8169}.ReleaseShim|Any CPU.ActiveCfg = Release|Any CPU
		{B4205BA1-3289-45F6-BCDB-87EB1A8F8169}.ReleaseShim|Any CPU.Build.0 = Release|Any CPU
		{B4205BA1-3289-45F6-BCDB-87EB1A8F8169}.ReleaseShim|iPhone.ActiveCfg = Release|Any CPU
		{B4205BA1-3289-45F6-BCDB-87EB1A8F8169}.ReleaseShim|iPhone.Build.0 = Release|Any CPU
		{B4205BA1-3289-45F6-BCDB-87EB1A8F8169}.ReleaseShim|iPhoneSimulator.ActiveCfg = Release|Any CPU
		{B4205BA1-3289-45F6-BCDB-87EB1A8F8169}.ReleaseShim|iPhoneSimulator.Build.0 = Release|Any CPU
		{2413687C-8F2A-4673-932F-37F1DC17357D}.Debug|Any CPU.ActiveCfg = Debug|Any CPU
		{2413687C-8F2A-4673-932F-37F1DC17357D}.Debug|Any CPU.Build.0 = Debug|Any CPU
		{2413687C-8F2A-4673-932F-37F1DC17357D}.Debug|iPhone.ActiveCfg = Debug|Any CPU
		{2413687C-8F2A-4673-932F-37F1DC17357D}.Debug|iPhone.Build.0 = Debug|Any CPU
		{2413687C-8F2A-4673-932F-37F1DC17357D}.Debug|iPhoneSimulator.ActiveCfg = Debug|Any CPU
		{2413687C-8F2A-4673-932F-37F1DC17357D}.Debug|iPhoneSimulator.Build.0 = Debug|Any CPU
		{2413687C-8F2A-4673-932F-37F1DC17357D}.Release|Any CPU.ActiveCfg = Release|Any CPU
		{2413687C-8F2A-4673-932F-37F1DC17357D}.Release|Any CPU.Build.0 = Release|Any CPU
		{2413687C-8F2A-4673-932F-37F1DC17357D}.Release|iPhone.ActiveCfg = Release|Any CPU
		{2413687C-8F2A-4673-932F-37F1DC17357D}.Release|iPhone.Build.0 = Release|Any CPU
		{2413687C-8F2A-4673-932F-37F1DC17357D}.Release|iPhoneSimulator.ActiveCfg = Release|Any CPU
		{2413687C-8F2A-4673-932F-37F1DC17357D}.Release|iPhoneSimulator.Build.0 = Release|Any CPU
		{2413687C-8F2A-4673-932F-37F1DC17357D}.ReleaseShim|Any CPU.ActiveCfg = Release|Any CPU
		{2413687C-8F2A-4673-932F-37F1DC17357D}.ReleaseShim|Any CPU.Build.0 = Release|Any CPU
		{2413687C-8F2A-4673-932F-37F1DC17357D}.ReleaseShim|iPhone.ActiveCfg = Release|Any CPU
		{2413687C-8F2A-4673-932F-37F1DC17357D}.ReleaseShim|iPhone.Build.0 = Release|Any CPU
		{2413687C-8F2A-4673-932F-37F1DC17357D}.ReleaseShim|iPhoneSimulator.ActiveCfg = Release|Any CPU
		{2413687C-8F2A-4673-932F-37F1DC17357D}.ReleaseShim|iPhoneSimulator.Build.0 = Release|Any CPU
		{61056C69-7F55-4D02-A649-3CE01121211B}.Debug|Any CPU.ActiveCfg = Debug|Any CPU
		{61056C69-7F55-4D02-A649-3CE01121211B}.Debug|Any CPU.Build.0 = Debug|Any CPU
		{61056C69-7F55-4D02-A649-3CE01121211B}.Debug|iPhone.ActiveCfg = Debug|Any CPU
		{61056C69-7F55-4D02-A649-3CE01121211B}.Debug|iPhone.Build.0 = Debug|Any CPU
		{61056C69-7F55-4D02-A649-3CE01121211B}.Debug|iPhoneSimulator.ActiveCfg = Debug|Any CPU
		{61056C69-7F55-4D02-A649-3CE01121211B}.Debug|iPhoneSimulator.Build.0 = Debug|Any CPU
		{61056C69-7F55-4D02-A649-3CE01121211B}.Release|Any CPU.ActiveCfg = Release|Any CPU
		{61056C69-7F55-4D02-A649-3CE01121211B}.Release|Any CPU.Build.0 = Release|Any CPU
		{61056C69-7F55-4D02-A649-3CE01121211B}.Release|iPhone.ActiveCfg = Release|Any CPU
		{61056C69-7F55-4D02-A649-3CE01121211B}.Release|iPhone.Build.0 = Release|Any CPU
		{61056C69-7F55-4D02-A649-3CE01121211B}.Release|iPhoneSimulator.ActiveCfg = Release|Any CPU
		{61056C69-7F55-4D02-A649-3CE01121211B}.Release|iPhoneSimulator.Build.0 = Release|Any CPU
		{61056C69-7F55-4D02-A649-3CE01121211B}.ReleaseShim|Any CPU.ActiveCfg = Release|Any CPU
		{61056C69-7F55-4D02-A649-3CE01121211B}.ReleaseShim|Any CPU.Build.0 = Release|Any CPU
		{61056C69-7F55-4D02-A649-3CE01121211B}.ReleaseShim|iPhone.ActiveCfg = Release|Any CPU
		{61056C69-7F55-4D02-A649-3CE01121211B}.ReleaseShim|iPhone.Build.0 = Release|Any CPU
		{61056C69-7F55-4D02-A649-3CE01121211B}.ReleaseShim|iPhoneSimulator.ActiveCfg = Release|Any CPU
		{61056C69-7F55-4D02-A649-3CE01121211B}.ReleaseShim|iPhoneSimulator.Build.0 = Release|Any CPU
		{66C6350E-1EF7-4F03-848A-4D024F22B9D4}.Debug|Any CPU.ActiveCfg = Debug|Any CPU
		{66C6350E-1EF7-4F03-848A-4D024F22B9D4}.Debug|Any CPU.Build.0 = Debug|Any CPU
		{66C6350E-1EF7-4F03-848A-4D024F22B9D4}.Debug|iPhone.ActiveCfg = Debug|Any CPU
		{66C6350E-1EF7-4F03-848A-4D024F22B9D4}.Debug|iPhone.Build.0 = Debug|Any CPU
		{66C6350E-1EF7-4F03-848A-4D024F22B9D4}.Debug|iPhoneSimulator.ActiveCfg = Debug|Any CPU
		{66C6350E-1EF7-4F03-848A-4D024F22B9D4}.Debug|iPhoneSimulator.Build.0 = Debug|Any CPU
		{66C6350E-1EF7-4F03-848A-4D024F22B9D4}.Release|Any CPU.ActiveCfg = Release|Any CPU
		{66C6350E-1EF7-4F03-848A-4D024F22B9D4}.Release|Any CPU.Build.0 = Release|Any CPU
		{66C6350E-1EF7-4F03-848A-4D024F22B9D4}.Release|iPhone.ActiveCfg = Release|Any CPU
		{66C6350E-1EF7-4F03-848A-4D024F22B9D4}.Release|iPhone.Build.0 = Release|Any CPU
		{66C6350E-1EF7-4F03-848A-4D024F22B9D4}.Release|iPhoneSimulator.ActiveCfg = Release|Any CPU
		{66C6350E-1EF7-4F03-848A-4D024F22B9D4}.Release|iPhoneSimulator.Build.0 = Release|Any CPU
		{66C6350E-1EF7-4F03-848A-4D024F22B9D4}.ReleaseShim|Any CPU.ActiveCfg = Release|Any CPU
		{66C6350E-1EF7-4F03-848A-4D024F22B9D4}.ReleaseShim|Any CPU.Build.0 = Release|Any CPU
		{66C6350E-1EF7-4F03-848A-4D024F22B9D4}.ReleaseShim|iPhone.ActiveCfg = Release|Any CPU
		{66C6350E-1EF7-4F03-848A-4D024F22B9D4}.ReleaseShim|iPhone.Build.0 = Release|Any CPU
		{66C6350E-1EF7-4F03-848A-4D024F22B9D4}.ReleaseShim|iPhoneSimulator.ActiveCfg = Release|Any CPU
		{66C6350E-1EF7-4F03-848A-4D024F22B9D4}.ReleaseShim|iPhoneSimulator.Build.0 = Release|Any CPU
		{91CA9BC9-C036-442D-9032-4B2A184E2B17}.Debug|Any CPU.ActiveCfg = Debug|Any CPU
		{91CA9BC9-C036-442D-9032-4B2A184E2B17}.Debug|Any CPU.Build.0 = Debug|Any CPU
		{91CA9BC9-C036-442D-9032-4B2A184E2B17}.Debug|iPhone.ActiveCfg = Debug|Any CPU
		{91CA9BC9-C036-442D-9032-4B2A184E2B17}.Debug|iPhone.Build.0 = Debug|Any CPU
		{91CA9BC9-C036-442D-9032-4B2A184E2B17}.Debug|iPhoneSimulator.ActiveCfg = Debug|Any CPU
		{91CA9BC9-C036-442D-9032-4B2A184E2B17}.Debug|iPhoneSimulator.Build.0 = Debug|Any CPU
		{91CA9BC9-C036-442D-9032-4B2A184E2B17}.Release|Any CPU.ActiveCfg = Release|Any CPU
		{91CA9BC9-C036-442D-9032-4B2A184E2B17}.Release|Any CPU.Build.0 = Release|Any CPU
		{91CA9BC9-C036-442D-9032-4B2A184E2B17}.Release|iPhone.ActiveCfg = Release|Any CPU
		{91CA9BC9-C036-442D-9032-4B2A184E2B17}.Release|iPhone.Build.0 = Release|Any CPU
		{91CA9BC9-C036-442D-9032-4B2A184E2B17}.Release|iPhoneSimulator.ActiveCfg = Release|Any CPU
		{91CA9BC9-C036-442D-9032-4B2A184E2B17}.Release|iPhoneSimulator.Build.0 = Release|Any CPU
		{91CA9BC9-C036-442D-9032-4B2A184E2B17}.ReleaseShim|Any CPU.ActiveCfg = Release|Any CPU
		{91CA9BC9-C036-442D-9032-4B2A184E2B17}.ReleaseShim|Any CPU.Build.0 = Release|Any CPU
		{91CA9BC9-C036-442D-9032-4B2A184E2B17}.ReleaseShim|iPhone.ActiveCfg = Release|Any CPU
		{91CA9BC9-C036-442D-9032-4B2A184E2B17}.ReleaseShim|iPhone.Build.0 = Release|Any CPU
		{91CA9BC9-C036-442D-9032-4B2A184E2B17}.ReleaseShim|iPhoneSimulator.ActiveCfg = Release|Any CPU
		{91CA9BC9-C036-442D-9032-4B2A184E2B17}.ReleaseShim|iPhoneSimulator.Build.0 = Release|Any CPU
		{4CEE19ED-7646-45CF-BB47-1AED4494DDC2}.Debug|Any CPU.ActiveCfg = Debug|Any CPU
		{4CEE19ED-7646-45CF-BB47-1AED4494DDC2}.Debug|Any CPU.Build.0 = Debug|Any CPU
		{4CEE19ED-7646-45CF-BB47-1AED4494DDC2}.Debug|iPhone.ActiveCfg = Debug|Any CPU
		{4CEE19ED-7646-45CF-BB47-1AED4494DDC2}.Debug|iPhone.Build.0 = Debug|Any CPU
		{4CEE19ED-7646-45CF-BB47-1AED4494DDC2}.Debug|iPhoneSimulator.ActiveCfg = Debug|Any CPU
		{4CEE19ED-7646-45CF-BB47-1AED4494DDC2}.Debug|iPhoneSimulator.Build.0 = Debug|Any CPU
		{4CEE19ED-7646-45CF-BB47-1AED4494DDC2}.Release|Any CPU.ActiveCfg = Release|Any CPU
		{4CEE19ED-7646-45CF-BB47-1AED4494DDC2}.Release|Any CPU.Build.0 = Release|Any CPU
		{4CEE19ED-7646-45CF-BB47-1AED4494DDC2}.Release|iPhone.ActiveCfg = Release|Any CPU
		{4CEE19ED-7646-45CF-BB47-1AED4494DDC2}.Release|iPhone.Build.0 = Release|Any CPU
		{4CEE19ED-7646-45CF-BB47-1AED4494DDC2}.Release|iPhoneSimulator.ActiveCfg = Release|Any CPU
		{4CEE19ED-7646-45CF-BB47-1AED4494DDC2}.Release|iPhoneSimulator.Build.0 = Release|Any CPU
		{4CEE19ED-7646-45CF-BB47-1AED4494DDC2}.ReleaseShim|Any CPU.ActiveCfg = Release|Any CPU
		{4CEE19ED-7646-45CF-BB47-1AED4494DDC2}.ReleaseShim|Any CPU.Build.0 = Release|Any CPU
		{4CEE19ED-7646-45CF-BB47-1AED4494DDC2}.ReleaseShim|iPhone.ActiveCfg = Release|Any CPU
		{4CEE19ED-7646-45CF-BB47-1AED4494DDC2}.ReleaseShim|iPhone.Build.0 = Release|Any CPU
		{4CEE19ED-7646-45CF-BB47-1AED4494DDC2}.ReleaseShim|iPhoneSimulator.ActiveCfg = Release|Any CPU
		{4CEE19ED-7646-45CF-BB47-1AED4494DDC2}.ReleaseShim|iPhoneSimulator.Build.0 = Release|Any CPU
		{03A57B20-EF13-4E86-9721-34A75F44CC0E}.Debug|Any CPU.ActiveCfg = Debug|Any CPU
		{03A57B20-EF13-4E86-9721-34A75F44CC0E}.Debug|Any CPU.Build.0 = Debug|Any CPU
		{03A57B20-EF13-4E86-9721-34A75F44CC0E}.Debug|iPhone.ActiveCfg = Debug|Any CPU
		{03A57B20-EF13-4E86-9721-34A75F44CC0E}.Debug|iPhone.Build.0 = Debug|Any CPU
		{03A57B20-EF13-4E86-9721-34A75F44CC0E}.Debug|iPhoneSimulator.ActiveCfg = Debug|Any CPU
		{03A57B20-EF13-4E86-9721-34A75F44CC0E}.Debug|iPhoneSimulator.Build.0 = Debug|Any CPU
		{03A57B20-EF13-4E86-9721-34A75F44CC0E}.Release|Any CPU.ActiveCfg = Release|Any CPU
		{03A57B20-EF13-4E86-9721-34A75F44CC0E}.Release|iPhone.ActiveCfg = Release|Any CPU
		{03A57B20-EF13-4E86-9721-34A75F44CC0E}.Release|iPhone.Build.0 = Release|Any CPU
		{03A57B20-EF13-4E86-9721-34A75F44CC0E}.Release|iPhoneSimulator.ActiveCfg = Release|Any CPU
		{03A57B20-EF13-4E86-9721-34A75F44CC0E}.Release|iPhoneSimulator.Build.0 = Release|Any CPU
		{03A57B20-EF13-4E86-9721-34A75F44CC0E}.ReleaseShim|Any CPU.ActiveCfg = Release|Any CPU
		{03A57B20-EF13-4E86-9721-34A75F44CC0E}.ReleaseShim|Any CPU.Build.0 = Release|Any CPU
		{03A57B20-EF13-4E86-9721-34A75F44CC0E}.ReleaseShim|iPhone.ActiveCfg = Release|Any CPU
		{03A57B20-EF13-4E86-9721-34A75F44CC0E}.ReleaseShim|iPhone.Build.0 = Release|Any CPU
		{03A57B20-EF13-4E86-9721-34A75F44CC0E}.ReleaseShim|iPhoneSimulator.ActiveCfg = Release|Any CPU
		{03A57B20-EF13-4E86-9721-34A75F44CC0E}.ReleaseShim|iPhoneSimulator.Build.0 = Release|Any CPU
		{723369F4-2ED9-4B94-960B-35E776DD2537}.Debug|Any CPU.ActiveCfg = Debug|Any CPU
		{723369F4-2ED9-4B94-960B-35E776DD2537}.Debug|Any CPU.Build.0 = Debug|Any CPU
		{723369F4-2ED9-4B94-960B-35E776DD2537}.Debug|iPhone.ActiveCfg = Debug|Any CPU
		{723369F4-2ED9-4B94-960B-35E776DD2537}.Debug|iPhone.Build.0 = Debug|Any CPU
		{723369F4-2ED9-4B94-960B-35E776DD2537}.Debug|iPhoneSimulator.ActiveCfg = Debug|Any CPU
		{723369F4-2ED9-4B94-960B-35E776DD2537}.Debug|iPhoneSimulator.Build.0 = Debug|Any CPU
		{723369F4-2ED9-4B94-960B-35E776DD2537}.Release|Any CPU.ActiveCfg = Release|Any CPU
		{723369F4-2ED9-4B94-960B-35E776DD2537}.Release|iPhone.ActiveCfg = Release|Any CPU
		{723369F4-2ED9-4B94-960B-35E776DD2537}.Release|iPhone.Build.0 = Release|Any CPU
		{723369F4-2ED9-4B94-960B-35E776DD2537}.Release|iPhoneSimulator.ActiveCfg = Release|Any CPU
		{723369F4-2ED9-4B94-960B-35E776DD2537}.Release|iPhoneSimulator.Build.0 = Release|Any CPU
		{723369F4-2ED9-4B94-960B-35E776DD2537}.ReleaseShim|Any CPU.ActiveCfg = Release|Any CPU
		{723369F4-2ED9-4B94-960B-35E776DD2537}.ReleaseShim|Any CPU.Build.0 = Release|Any CPU
		{723369F4-2ED9-4B94-960B-35E776DD2537}.ReleaseShim|iPhone.ActiveCfg = Release|Any CPU
		{723369F4-2ED9-4B94-960B-35E776DD2537}.ReleaseShim|iPhone.Build.0 = Release|Any CPU
		{723369F4-2ED9-4B94-960B-35E776DD2537}.ReleaseShim|iPhoneSimulator.ActiveCfg = Release|Any CPU
		{723369F4-2ED9-4B94-960B-35E776DD2537}.ReleaseShim|iPhoneSimulator.Build.0 = Release|Any CPU
		{EB73F194-713A-4EDB-8694-F9E8F989E4A8}.Debug|Any CPU.ActiveCfg = Debug|Any CPU
		{EB73F194-713A-4EDB-8694-F9E8F989E4A8}.Debug|Any CPU.Build.0 = Debug|Any CPU
		{EB73F194-713A-4EDB-8694-F9E8F989E4A8}.Debug|iPhone.ActiveCfg = Debug|Any CPU
		{EB73F194-713A-4EDB-8694-F9E8F989E4A8}.Debug|iPhone.Build.0 = Debug|Any CPU
		{EB73F194-713A-4EDB-8694-F9E8F989E4A8}.Debug|iPhoneSimulator.ActiveCfg = Debug|Any CPU
		{EB73F194-713A-4EDB-8694-F9E8F989E4A8}.Debug|iPhoneSimulator.Build.0 = Debug|Any CPU
		{EB73F194-713A-4EDB-8694-F9E8F989E4A8}.Release|Any CPU.ActiveCfg = Release|Any CPU
		{EB73F194-713A-4EDB-8694-F9E8F989E4A8}.Release|iPhone.ActiveCfg = Release|Any CPU
		{EB73F194-713A-4EDB-8694-F9E8F989E4A8}.Release|iPhone.Build.0 = Release|Any CPU
		{EB73F194-713A-4EDB-8694-F9E8F989E4A8}.Release|iPhoneSimulator.ActiveCfg = Release|Any CPU
		{EB73F194-713A-4EDB-8694-F9E8F989E4A8}.Release|iPhoneSimulator.Build.0 = Release|Any CPU
		{EB73F194-713A-4EDB-8694-F9E8F989E4A8}.ReleaseShim|Any CPU.ActiveCfg = Release|Any CPU
		{EB73F194-713A-4EDB-8694-F9E8F989E4A8}.ReleaseShim|Any CPU.Build.0 = Release|Any CPU
		{EB73F194-713A-4EDB-8694-F9E8F989E4A8}.ReleaseShim|iPhone.ActiveCfg = Release|Any CPU
		{EB73F194-713A-4EDB-8694-F9E8F989E4A8}.ReleaseShim|iPhone.Build.0 = Release|Any CPU
		{EB73F194-713A-4EDB-8694-F9E8F989E4A8}.ReleaseShim|iPhoneSimulator.ActiveCfg = Release|Any CPU
		{EB73F194-713A-4EDB-8694-F9E8F989E4A8}.ReleaseShim|iPhoneSimulator.Build.0 = Release|Any CPU
		{3BE694CC-C685-4484-8ECA-A0ACBBB0DA9D}.Debug|Any CPU.ActiveCfg = Debug|Any CPU
		{3BE694CC-C685-4484-8ECA-A0ACBBB0DA9D}.Debug|Any CPU.Build.0 = Debug|Any CPU
		{3BE694CC-C685-4484-8ECA-A0ACBBB0DA9D}.Debug|iPhone.ActiveCfg = Debug|Any CPU
		{3BE694CC-C685-4484-8ECA-A0ACBBB0DA9D}.Debug|iPhone.Build.0 = Debug|Any CPU
		{3BE694CC-C685-4484-8ECA-A0ACBBB0DA9D}.Debug|iPhoneSimulator.ActiveCfg = Debug|Any CPU
		{3BE694CC-C685-4484-8ECA-A0ACBBB0DA9D}.Debug|iPhoneSimulator.Build.0 = Debug|Any CPU
		{3BE694CC-C685-4484-8ECA-A0ACBBB0DA9D}.Release|Any CPU.ActiveCfg = Release|Any CPU
		{3BE694CC-C685-4484-8ECA-A0ACBBB0DA9D}.Release|iPhone.ActiveCfg = Release|Any CPU
		{3BE694CC-C685-4484-8ECA-A0ACBBB0DA9D}.Release|iPhone.Build.0 = Release|Any CPU
		{3BE694CC-C685-4484-8ECA-A0ACBBB0DA9D}.Release|iPhoneSimulator.ActiveCfg = Release|Any CPU
		{3BE694CC-C685-4484-8ECA-A0ACBBB0DA9D}.Release|iPhoneSimulator.Build.0 = Release|Any CPU
		{3BE694CC-C685-4484-8ECA-A0ACBBB0DA9D}.ReleaseShim|Any CPU.ActiveCfg = Release|Any CPU
		{3BE694CC-C685-4484-8ECA-A0ACBBB0DA9D}.ReleaseShim|Any CPU.Build.0 = Release|Any CPU
		{3BE694CC-C685-4484-8ECA-A0ACBBB0DA9D}.ReleaseShim|iPhone.ActiveCfg = Release|Any CPU
		{3BE694CC-C685-4484-8ECA-A0ACBBB0DA9D}.ReleaseShim|iPhone.Build.0 = Release|Any CPU
		{3BE694CC-C685-4484-8ECA-A0ACBBB0DA9D}.ReleaseShim|iPhoneSimulator.ActiveCfg = Release|Any CPU
		{3BE694CC-C685-4484-8ECA-A0ACBBB0DA9D}.ReleaseShim|iPhoneSimulator.Build.0 = Release|Any CPU
		{73D0DE15-F2B1-4C91-9F3A-7F6FAC7121DF}.Debug|Any CPU.ActiveCfg = Debug|Any CPU
		{73D0DE15-F2B1-4C91-9F3A-7F6FAC7121DF}.Debug|Any CPU.Build.0 = Debug|Any CPU
		{73D0DE15-F2B1-4C91-9F3A-7F6FAC7121DF}.Debug|iPhone.ActiveCfg = Debug|Any CPU
		{73D0DE15-F2B1-4C91-9F3A-7F6FAC7121DF}.Debug|iPhone.Build.0 = Debug|Any CPU
		{73D0DE15-F2B1-4C91-9F3A-7F6FAC7121DF}.Debug|iPhoneSimulator.ActiveCfg = Debug|Any CPU
		{73D0DE15-F2B1-4C91-9F3A-7F6FAC7121DF}.Debug|iPhoneSimulator.Build.0 = Debug|Any CPU
		{73D0DE15-F2B1-4C91-9F3A-7F6FAC7121DF}.Release|Any CPU.ActiveCfg = Release|Any CPU
		{73D0DE15-F2B1-4C91-9F3A-7F6FAC7121DF}.Release|iPhone.ActiveCfg = Release|Any CPU
		{73D0DE15-F2B1-4C91-9F3A-7F6FAC7121DF}.Release|iPhone.Build.0 = Release|Any CPU
		{73D0DE15-F2B1-4C91-9F3A-7F6FAC7121DF}.Release|iPhoneSimulator.ActiveCfg = Release|Any CPU
		{73D0DE15-F2B1-4C91-9F3A-7F6FAC7121DF}.Release|iPhoneSimulator.Build.0 = Release|Any CPU
		{73D0DE15-F2B1-4C91-9F3A-7F6FAC7121DF}.ReleaseShim|Any CPU.ActiveCfg = Release|Any CPU
		{73D0DE15-F2B1-4C91-9F3A-7F6FAC7121DF}.ReleaseShim|Any CPU.Build.0 = Release|Any CPU
		{73D0DE15-F2B1-4C91-9F3A-7F6FAC7121DF}.ReleaseShim|iPhone.ActiveCfg = Release|Any CPU
		{73D0DE15-F2B1-4C91-9F3A-7F6FAC7121DF}.ReleaseShim|iPhone.Build.0 = Release|Any CPU
		{73D0DE15-F2B1-4C91-9F3A-7F6FAC7121DF}.ReleaseShim|iPhoneSimulator.ActiveCfg = Release|Any CPU
		{73D0DE15-F2B1-4C91-9F3A-7F6FAC7121DF}.ReleaseShim|iPhoneSimulator.Build.0 = Release|Any CPU
		{988DFCFF-49AE-4677-9B50-D61C14008E49}.Debug|Any CPU.ActiveCfg = Debug|Any CPU
		{988DFCFF-49AE-4677-9B50-D61C14008E49}.Debug|iPhone.ActiveCfg = Debug|Any CPU
		{988DFCFF-49AE-4677-9B50-D61C14008E49}.Debug|iPhone.Build.0 = Debug|Any CPU
		{988DFCFF-49AE-4677-9B50-D61C14008E49}.Debug|iPhoneSimulator.ActiveCfg = Debug|Any CPU
		{988DFCFF-49AE-4677-9B50-D61C14008E49}.Debug|iPhoneSimulator.Build.0 = Debug|Any CPU
		{988DFCFF-49AE-4677-9B50-D61C14008E49}.Release|Any CPU.ActiveCfg = Release|Any CPU
		{988DFCFF-49AE-4677-9B50-D61C14008E49}.Release|Any CPU.Build.0 = Release|Any CPU
		{988DFCFF-49AE-4677-9B50-D61C14008E49}.Release|iPhone.ActiveCfg = Release|Any CPU
		{988DFCFF-49AE-4677-9B50-D61C14008E49}.Release|iPhone.Build.0 = Release|Any CPU
		{988DFCFF-49AE-4677-9B50-D61C14008E49}.Release|iPhoneSimulator.ActiveCfg = Release|Any CPU
		{988DFCFF-49AE-4677-9B50-D61C14008E49}.Release|iPhoneSimulator.Build.0 = Release|Any CPU
		{988DFCFF-49AE-4677-9B50-D61C14008E49}.ReleaseShim|Any CPU.ActiveCfg = Release|Any CPU
		{988DFCFF-49AE-4677-9B50-D61C14008E49}.ReleaseShim|Any CPU.Build.0 = Release|Any CPU
		{988DFCFF-49AE-4677-9B50-D61C14008E49}.ReleaseShim|iPhone.ActiveCfg = Release|Any CPU
		{988DFCFF-49AE-4677-9B50-D61C14008E49}.ReleaseShim|iPhone.Build.0 = Release|Any CPU
		{988DFCFF-49AE-4677-9B50-D61C14008E49}.ReleaseShim|iPhoneSimulator.ActiveCfg = Release|Any CPU
		{988DFCFF-49AE-4677-9B50-D61C14008E49}.ReleaseShim|iPhoneSimulator.Build.0 = Release|Any CPU
		{1BF34A71-A13B-4E18-843D-4F296805B6C9}.Debug|Any CPU.ActiveCfg = Debug|Any CPU
		{1BF34A71-A13B-4E18-843D-4F296805B6C9}.Debug|Any CPU.Build.0 = Debug|Any CPU
		{1BF34A71-A13B-4E18-843D-4F296805B6C9}.Debug|iPhone.ActiveCfg = Debug|Any CPU
		{1BF34A71-A13B-4E18-843D-4F296805B6C9}.Debug|iPhone.Build.0 = Debug|Any CPU
		{1BF34A71-A13B-4E18-843D-4F296805B6C9}.Debug|iPhoneSimulator.ActiveCfg = Debug|Any CPU
		{1BF34A71-A13B-4E18-843D-4F296805B6C9}.Debug|iPhoneSimulator.Build.0 = Debug|Any CPU
		{1BF34A71-A13B-4E18-843D-4F296805B6C9}.Release|Any CPU.ActiveCfg = Release|Any CPU
		{1BF34A71-A13B-4E18-843D-4F296805B6C9}.Release|iPhone.ActiveCfg = Release|Any CPU
		{1BF34A71-A13B-4E18-843D-4F296805B6C9}.Release|iPhone.Build.0 = Release|Any CPU
		{1BF34A71-A13B-4E18-843D-4F296805B6C9}.Release|iPhoneSimulator.ActiveCfg = Release|Any CPU
		{1BF34A71-A13B-4E18-843D-4F296805B6C9}.Release|iPhoneSimulator.Build.0 = Release|Any CPU
		{1BF34A71-A13B-4E18-843D-4F296805B6C9}.ReleaseShim|Any CPU.ActiveCfg = Release|Any CPU
		{1BF34A71-A13B-4E18-843D-4F296805B6C9}.ReleaseShim|Any CPU.Build.0 = Release|Any CPU
		{1BF34A71-A13B-4E18-843D-4F296805B6C9}.ReleaseShim|iPhone.ActiveCfg = Release|Any CPU
		{1BF34A71-A13B-4E18-843D-4F296805B6C9}.ReleaseShim|iPhone.Build.0 = Release|Any CPU
		{1BF34A71-A13B-4E18-843D-4F296805B6C9}.ReleaseShim|iPhoneSimulator.ActiveCfg = Release|Any CPU
		{1BF34A71-A13B-4E18-843D-4F296805B6C9}.ReleaseShim|iPhoneSimulator.Build.0 = Release|Any CPU
		{5A9AB14D-1A80-44C3-AC72-421BAD578C41}.Debug|Any CPU.ActiveCfg = Debug|Any CPU
		{5A9AB14D-1A80-44C3-AC72-421BAD578C41}.Debug|Any CPU.Build.0 = Debug|Any CPU
		{5A9AB14D-1A80-44C3-AC72-421BAD578C41}.Debug|iPhone.ActiveCfg = Debug|Any CPU
		{5A9AB14D-1A80-44C3-AC72-421BAD578C41}.Debug|iPhone.Build.0 = Debug|Any CPU
		{5A9AB14D-1A80-44C3-AC72-421BAD578C41}.Debug|iPhoneSimulator.ActiveCfg = Debug|Any CPU
		{5A9AB14D-1A80-44C3-AC72-421BAD578C41}.Debug|iPhoneSimulator.Build.0 = Debug|Any CPU
		{5A9AB14D-1A80-44C3-AC72-421BAD578C41}.Release|Any CPU.ActiveCfg = Release|Any CPU
		{5A9AB14D-1A80-44C3-AC72-421BAD578C41}.Release|iPhone.ActiveCfg = Release|Any CPU
		{5A9AB14D-1A80-44C3-AC72-421BAD578C41}.Release|iPhone.Build.0 = Release|Any CPU
		{5A9AB14D-1A80-44C3-AC72-421BAD578C41}.Release|iPhoneSimulator.ActiveCfg = Release|Any CPU
		{5A9AB14D-1A80-44C3-AC72-421BAD578C41}.Release|iPhoneSimulator.Build.0 = Release|Any CPU
		{5A9AB14D-1A80-44C3-AC72-421BAD578C41}.ReleaseShim|Any CPU.ActiveCfg = Release|Any CPU
		{5A9AB14D-1A80-44C3-AC72-421BAD578C41}.ReleaseShim|Any CPU.Build.0 = Release|Any CPU
		{5A9AB14D-1A80-44C3-AC72-421BAD578C41}.ReleaseShim|iPhone.ActiveCfg = Release|Any CPU
		{5A9AB14D-1A80-44C3-AC72-421BAD578C41}.ReleaseShim|iPhone.Build.0 = Release|Any CPU
		{5A9AB14D-1A80-44C3-AC72-421BAD578C41}.ReleaseShim|iPhoneSimulator.ActiveCfg = Release|Any CPU
		{5A9AB14D-1A80-44C3-AC72-421BAD578C41}.ReleaseShim|iPhoneSimulator.Build.0 = Release|Any CPU
		{73A3B99B-CDCB-430B-A03C-5A57869A4C33}.Debug|Any CPU.ActiveCfg = Debug|Any CPU
		{73A3B99B-CDCB-430B-A03C-5A57869A4C33}.Debug|Any CPU.Build.0 = Debug|Any CPU
		{73A3B99B-CDCB-430B-A03C-5A57869A4C33}.Debug|iPhone.ActiveCfg = Debug|Any CPU
		{73A3B99B-CDCB-430B-A03C-5A57869A4C33}.Debug|iPhone.Build.0 = Debug|Any CPU
		{73A3B99B-CDCB-430B-A03C-5A57869A4C33}.Debug|iPhoneSimulator.ActiveCfg = Debug|Any CPU
		{73A3B99B-CDCB-430B-A03C-5A57869A4C33}.Debug|iPhoneSimulator.Build.0 = Debug|Any CPU
		{73A3B99B-CDCB-430B-A03C-5A57869A4C33}.Release|Any CPU.ActiveCfg = Release|Any CPU
		{73A3B99B-CDCB-430B-A03C-5A57869A4C33}.Release|Any CPU.Build.0 = Release|Any CPU
		{73A3B99B-CDCB-430B-A03C-5A57869A4C33}.Release|iPhone.ActiveCfg = Release|Any CPU
		{73A3B99B-CDCB-430B-A03C-5A57869A4C33}.Release|iPhone.Build.0 = Release|Any CPU
		{73A3B99B-CDCB-430B-A03C-5A57869A4C33}.Release|iPhoneSimulator.ActiveCfg = Release|Any CPU
		{73A3B99B-CDCB-430B-A03C-5A57869A4C33}.Release|iPhoneSimulator.Build.0 = Release|Any CPU
		{73A3B99B-CDCB-430B-A03C-5A57869A4C33}.ReleaseShim|Any CPU.ActiveCfg = Release|Any CPU
		{73A3B99B-CDCB-430B-A03C-5A57869A4C33}.ReleaseShim|Any CPU.Build.0 = Release|Any CPU
		{73A3B99B-CDCB-430B-A03C-5A57869A4C33}.ReleaseShim|iPhone.ActiveCfg = Release|Any CPU
		{73A3B99B-CDCB-430B-A03C-5A57869A4C33}.ReleaseShim|iPhone.Build.0 = Release|Any CPU
		{73A3B99B-CDCB-430B-A03C-5A57869A4C33}.ReleaseShim|iPhoneSimulator.ActiveCfg = Release|Any CPU
		{73A3B99B-CDCB-430B-A03C-5A57869A4C33}.ReleaseShim|iPhoneSimulator.Build.0 = Release|Any CPU
		{A2DCB753-7311-4FA8-8D29-8733CC1CD198}.Debug|Any CPU.ActiveCfg = Debug|Any CPU
		{A2DCB753-7311-4FA8-8D29-8733CC1CD198}.Debug|Any CPU.Build.0 = Debug|Any CPU
		{A2DCB753-7311-4FA8-8D29-8733CC1CD198}.Debug|iPhone.ActiveCfg = Debug|Any CPU
		{A2DCB753-7311-4FA8-8D29-8733CC1CD198}.Debug|iPhone.Build.0 = Debug|Any CPU
		{A2DCB753-7311-4FA8-8D29-8733CC1CD198}.Debug|iPhoneSimulator.ActiveCfg = Debug|Any CPU
		{A2DCB753-7311-4FA8-8D29-8733CC1CD198}.Debug|iPhoneSimulator.Build.0 = Debug|Any CPU
		{A2DCB753-7311-4FA8-8D29-8733CC1CD198}.Release|Any CPU.ActiveCfg = Release|Any CPU
		{A2DCB753-7311-4FA8-8D29-8733CC1CD198}.Release|iPhone.ActiveCfg = Release|Any CPU
		{A2DCB753-7311-4FA8-8D29-8733CC1CD198}.Release|iPhone.Build.0 = Release|Any CPU
		{A2DCB753-7311-4FA8-8D29-8733CC1CD198}.Release|iPhoneSimulator.ActiveCfg = Release|Any CPU
		{A2DCB753-7311-4FA8-8D29-8733CC1CD198}.Release|iPhoneSimulator.Build.0 = Release|Any CPU
		{A2DCB753-7311-4FA8-8D29-8733CC1CD198}.ReleaseShim|Any CPU.ActiveCfg = Release|Any CPU
		{A2DCB753-7311-4FA8-8D29-8733CC1CD198}.ReleaseShim|Any CPU.Build.0 = Release|Any CPU
		{A2DCB753-7311-4FA8-8D29-8733CC1CD198}.ReleaseShim|iPhone.ActiveCfg = Release|Any CPU
		{A2DCB753-7311-4FA8-8D29-8733CC1CD198}.ReleaseShim|iPhone.Build.0 = Release|Any CPU
		{A2DCB753-7311-4FA8-8D29-8733CC1CD198}.ReleaseShim|iPhoneSimulator.ActiveCfg = Release|Any CPU
		{A2DCB753-7311-4FA8-8D29-8733CC1CD198}.ReleaseShim|iPhoneSimulator.Build.0 = Release|Any CPU
		{37F9B3AC-F61B-46E9-9DC6-B16860A2C272}.Debug|Any CPU.ActiveCfg = Debug|Any CPU
		{37F9B3AC-F61B-46E9-9DC6-B16860A2C272}.Debug|Any CPU.Build.0 = Debug|Any CPU
		{37F9B3AC-F61B-46E9-9DC6-B16860A2C272}.Debug|iPhone.ActiveCfg = Debug|Any CPU
		{37F9B3AC-F61B-46E9-9DC6-B16860A2C272}.Debug|iPhone.Build.0 = Debug|Any CPU
		{37F9B3AC-F61B-46E9-9DC6-B16860A2C272}.Debug|iPhoneSimulator.ActiveCfg = Debug|Any CPU
		{37F9B3AC-F61B-46E9-9DC6-B16860A2C272}.Debug|iPhoneSimulator.Build.0 = Debug|Any CPU
		{37F9B3AC-F61B-46E9-9DC6-B16860A2C272}.Release|Any CPU.ActiveCfg = Release|Any CPU
		{37F9B3AC-F61B-46E9-9DC6-B16860A2C272}.Release|iPhone.ActiveCfg = Release|Any CPU
		{37F9B3AC-F61B-46E9-9DC6-B16860A2C272}.Release|iPhone.Build.0 = Release|Any CPU
		{37F9B3AC-F61B-46E9-9DC6-B16860A2C272}.Release|iPhoneSimulator.ActiveCfg = Release|Any CPU
		{37F9B3AC-F61B-46E9-9DC6-B16860A2C272}.Release|iPhoneSimulator.Build.0 = Release|Any CPU
		{37F9B3AC-F61B-46E9-9DC6-B16860A2C272}.ReleaseShim|Any CPU.ActiveCfg = Release|Any CPU
		{37F9B3AC-F61B-46E9-9DC6-B16860A2C272}.ReleaseShim|Any CPU.Build.0 = Release|Any CPU
		{37F9B3AC-F61B-46E9-9DC6-B16860A2C272}.ReleaseShim|iPhone.ActiveCfg = Release|Any CPU
		{37F9B3AC-F61B-46E9-9DC6-B16860A2C272}.ReleaseShim|iPhone.Build.0 = Release|Any CPU
		{37F9B3AC-F61B-46E9-9DC6-B16860A2C272}.ReleaseShim|iPhoneSimulator.ActiveCfg = Release|Any CPU
		{37F9B3AC-F61B-46E9-9DC6-B16860A2C272}.ReleaseShim|iPhoneSimulator.Build.0 = Release|Any CPU
		{9AFDD017-DA0F-4546-9BCE-FDE1A0605E1A}.Debug|Any CPU.ActiveCfg = Debug|Any CPU
		{9AFDD017-DA0F-4546-9BCE-FDE1A0605E1A}.Debug|Any CPU.Build.0 = Debug|Any CPU
		{9AFDD017-DA0F-4546-9BCE-FDE1A0605E1A}.Debug|iPhone.ActiveCfg = Debug|Any CPU
		{9AFDD017-DA0F-4546-9BCE-FDE1A0605E1A}.Debug|iPhone.Build.0 = Debug|Any CPU
		{9AFDD017-DA0F-4546-9BCE-FDE1A0605E1A}.Debug|iPhoneSimulator.ActiveCfg = Debug|Any CPU
		{9AFDD017-DA0F-4546-9BCE-FDE1A0605E1A}.Debug|iPhoneSimulator.Build.0 = Debug|Any CPU
		{9AFDD017-DA0F-4546-9BCE-FDE1A0605E1A}.Release|Any CPU.ActiveCfg = Release|Any CPU
		{9AFDD017-DA0F-4546-9BCE-FDE1A0605E1A}.Release|iPhone.ActiveCfg = Release|Any CPU
		{9AFDD017-DA0F-4546-9BCE-FDE1A0605E1A}.Release|iPhone.Build.0 = Release|Any CPU
		{9AFDD017-DA0F-4546-9BCE-FDE1A0605E1A}.Release|iPhoneSimulator.ActiveCfg = Release|Any CPU
		{9AFDD017-DA0F-4546-9BCE-FDE1A0605E1A}.Release|iPhoneSimulator.Build.0 = Release|Any CPU
		{9AFDD017-DA0F-4546-9BCE-FDE1A0605E1A}.ReleaseShim|Any CPU.ActiveCfg = Release|Any CPU
		{9AFDD017-DA0F-4546-9BCE-FDE1A0605E1A}.ReleaseShim|Any CPU.Build.0 = Release|Any CPU
		{9AFDD017-DA0F-4546-9BCE-FDE1A0605E1A}.ReleaseShim|iPhone.ActiveCfg = Release|Any CPU
		{9AFDD017-DA0F-4546-9BCE-FDE1A0605E1A}.ReleaseShim|iPhone.Build.0 = Release|Any CPU
		{9AFDD017-DA0F-4546-9BCE-FDE1A0605E1A}.ReleaseShim|iPhoneSimulator.ActiveCfg = Release|Any CPU
		{9AFDD017-DA0F-4546-9BCE-FDE1A0605E1A}.ReleaseShim|iPhoneSimulator.Build.0 = Release|Any CPU
		{F4AB7FF4-21E6-4CBB-8547-ABFB3FD8A498}.Debug|Any CPU.ActiveCfg = Debug|Any CPU
		{F4AB7FF4-21E6-4CBB-8547-ABFB3FD8A498}.Debug|Any CPU.Build.0 = Debug|Any CPU
		{F4AB7FF4-21E6-4CBB-8547-ABFB3FD8A498}.Debug|iPhone.ActiveCfg = Debug|Any CPU
		{F4AB7FF4-21E6-4CBB-8547-ABFB3FD8A498}.Debug|iPhone.Build.0 = Debug|Any CPU
		{F4AB7FF4-21E6-4CBB-8547-ABFB3FD8A498}.Debug|iPhoneSimulator.ActiveCfg = Debug|Any CPU
		{F4AB7FF4-21E6-4CBB-8547-ABFB3FD8A498}.Debug|iPhoneSimulator.Build.0 = Debug|Any CPU
		{F4AB7FF4-21E6-4CBB-8547-ABFB3FD8A498}.Release|Any CPU.ActiveCfg = Release|Any CPU
		{F4AB7FF4-21E6-4CBB-8547-ABFB3FD8A498}.Release|iPhone.ActiveCfg = Release|Any CPU
		{F4AB7FF4-21E6-4CBB-8547-ABFB3FD8A498}.Release|iPhone.Build.0 = Release|Any CPU
		{F4AB7FF4-21E6-4CBB-8547-ABFB3FD8A498}.Release|iPhoneSimulator.ActiveCfg = Release|Any CPU
		{F4AB7FF4-21E6-4CBB-8547-ABFB3FD8A498}.Release|iPhoneSimulator.Build.0 = Release|Any CPU
		{F4AB7FF4-21E6-4CBB-8547-ABFB3FD8A498}.ReleaseShim|Any CPU.ActiveCfg = Release|Any CPU
		{F4AB7FF4-21E6-4CBB-8547-ABFB3FD8A498}.ReleaseShim|Any CPU.Build.0 = Release|Any CPU
		{F4AB7FF4-21E6-4CBB-8547-ABFB3FD8A498}.ReleaseShim|iPhone.ActiveCfg = Release|Any CPU
		{F4AB7FF4-21E6-4CBB-8547-ABFB3FD8A498}.ReleaseShim|iPhone.Build.0 = Release|Any CPU
		{F4AB7FF4-21E6-4CBB-8547-ABFB3FD8A498}.ReleaseShim|iPhoneSimulator.ActiveCfg = Release|Any CPU
		{F4AB7FF4-21E6-4CBB-8547-ABFB3FD8A498}.ReleaseShim|iPhoneSimulator.Build.0 = Release|Any CPU
		{6F51C4EC-FBCD-476A-8DF6-CB4A05A1D47C}.Debug|Any CPU.ActiveCfg = Debug|Any CPU
		{6F51C4EC-FBCD-476A-8DF6-CB4A05A1D47C}.Debug|Any CPU.Build.0 = Debug|Any CPU
		{6F51C4EC-FBCD-476A-8DF6-CB4A05A1D47C}.Debug|iPhone.ActiveCfg = Debug|Any CPU
		{6F51C4EC-FBCD-476A-8DF6-CB4A05A1D47C}.Debug|iPhone.Build.0 = Debug|Any CPU
		{6F51C4EC-FBCD-476A-8DF6-CB4A05A1D47C}.Debug|iPhoneSimulator.ActiveCfg = Debug|Any CPU
		{6F51C4EC-FBCD-476A-8DF6-CB4A05A1D47C}.Debug|iPhoneSimulator.Build.0 = Debug|Any CPU
		{6F51C4EC-FBCD-476A-8DF6-CB4A05A1D47C}.Release|Any CPU.ActiveCfg = Release|Any CPU
		{6F51C4EC-FBCD-476A-8DF6-CB4A05A1D47C}.Release|Any CPU.Build.0 = Release|Any CPU
		{6F51C4EC-FBCD-476A-8DF6-CB4A05A1D47C}.Release|iPhone.ActiveCfg = Release|Any CPU
		{6F51C4EC-FBCD-476A-8DF6-CB4A05A1D47C}.Release|iPhone.Build.0 = Release|Any CPU
		{6F51C4EC-FBCD-476A-8DF6-CB4A05A1D47C}.Release|iPhoneSimulator.ActiveCfg = Release|Any CPU
		{6F51C4EC-FBCD-476A-8DF6-CB4A05A1D47C}.Release|iPhoneSimulator.Build.0 = Release|Any CPU
		{6F51C4EC-FBCD-476A-8DF6-CB4A05A1D47C}.ReleaseShim|Any CPU.ActiveCfg = Release|Any CPU
		{6F51C4EC-FBCD-476A-8DF6-CB4A05A1D47C}.ReleaseShim|Any CPU.Build.0 = Release|Any CPU
		{6F51C4EC-FBCD-476A-8DF6-CB4A05A1D47C}.ReleaseShim|iPhone.ActiveCfg = Release|Any CPU
		{6F51C4EC-FBCD-476A-8DF6-CB4A05A1D47C}.ReleaseShim|iPhone.Build.0 = Release|Any CPU
		{6F51C4EC-FBCD-476A-8DF6-CB4A05A1D47C}.ReleaseShim|iPhoneSimulator.ActiveCfg = Release|Any CPU
		{6F51C4EC-FBCD-476A-8DF6-CB4A05A1D47C}.ReleaseShim|iPhoneSimulator.Build.0 = Release|Any CPU
	EndGlobalSection
	GlobalSection(SolutionProperties) = preSolution
		HideSolutionNode = FALSE
	EndGlobalSection
	GlobalSection(ExtensibilityGlobals) = postSolution
		SolutionGuid = {B08458C9-E7DB-49CF-B79D-5BC8D58BBBE0}
	EndGlobalSection
EndGlobal
