
Microsoft Visual Studio Solution File, Format Version 12.00
# Visual Studio 2012
Project("{FAE04EC0-301F-11D3-BF4B-00C04F79EFBC}") = "Utilities", "Utilities\Utilities.csproj", "{949364A1-08D7-4E79-8CA2-228EA925438F}"
	ProjectSection(ProjectDependencies) = postProject
		{8661B7E1-7454-4E97-88F7-0A31FC4ADA40} = {8661B7E1-7454-4E97-88F7-0A31FC4ADA40}
	EndProjectSection
EndProject
Project("{FAE04EC0-301F-11D3-BF4B-00C04F79EFBC}") = "BaseSeleniumTest", "BaseSeleniumTest\BaseSeleniumTest.csproj", "{CF21DFEF-3FCE-4766-B261-F2225B5442EC}"
EndProject
Project("{FAE04EC0-301F-11D3-BF4B-00C04F79EFBC}") = "SeleniumUnitTests", "SeleniumUnitTesting\SeleniumUnitTests.csproj", "{887602C1-305D-4DCD-B11D-8110577A73A2}"
EndProject
Project("{2150E333-8FDC-42A3-9474-1A3956D46DE8}") = "Solution Items", "Solution Items", "{DF8F10F9-2CF8-4335-BEDC-EF01C686AD67}"
	ProjectSection(SolutionItems) = preProject
		Parallel.testsettings = Parallel.testsettings
	EndProjectSection
EndProject
Project("{FAE04EC0-301F-11D3-BF4B-00C04F79EFBC}") = "NugetSetup", "NugetSetup\NugetSetup.csproj", "{8661B7E1-7454-4E97-88F7-0A31FC4ADA40}"
EndProject
Global
	GlobalSection(TeamFoundationVersionControl) = preSolution
		SccNumberOfProjects = 5
		SccEnterpriseProvider = {4CA58AB2-18FA-4F8D-95D4-32DDF27D184C}
		SccTeamFoundationServer = https://magenic.visualstudio.com/defaultcollection
		SccLocalPath0 = .
		SccProjectUniqueName1 = Utilities\\Utilities.csproj
		SccProjectName1 = Utilities
		SccLocalPath1 = Utilities
		SccProjectUniqueName2 = BaseSeleniumTest\\BaseSeleniumTest.csproj
		SccProjectName2 = BaseSeleniumTest
		SccLocalPath2 = BaseSeleniumTest
		SccProjectUniqueName3 = SeleniumUnitTesting\\SeleniumUnitTests.csproj
		SccProjectName3 = SeleniumUnitTesting
		SccLocalPath3 = SeleniumUnitTesting
		SccProjectUniqueName4 = NugetSetup\\NugetSetup.csproj
		SccProjectName4 = NugetSetup
		SccLocalPath4 = NugetSetup
	EndGlobalSection
	GlobalSection(SolutionConfigurationPlatforms) = preSolution
		Debug|Any CPU = Debug|Any CPU
		Release|Any CPU = Release|Any CPU
	EndGlobalSection
	GlobalSection(ProjectConfigurationPlatforms) = postSolution
		{949364A1-08D7-4E79-8CA2-228EA925438F}.Debug|Any CPU.ActiveCfg = Debug|Any CPU
		{949364A1-08D7-4E79-8CA2-228EA925438F}.Debug|Any CPU.Build.0 = Debug|Any CPU
		{949364A1-08D7-4E79-8CA2-228EA925438F}.Release|Any CPU.ActiveCfg = Release|Any CPU
		{949364A1-08D7-4E79-8CA2-228EA925438F}.Release|Any CPU.Build.0 = Release|Any CPU
		{CF21DFEF-3FCE-4766-B261-F2225B5442EC}.Debug|Any CPU.ActiveCfg = Debug|Any CPU
		{CF21DFEF-3FCE-4766-B261-F2225B5442EC}.Debug|Any CPU.Build.0 = Debug|Any CPU
		{CF21DFEF-3FCE-4766-B261-F2225B5442EC}.Release|Any CPU.ActiveCfg = Release|Any CPU
		{CF21DFEF-3FCE-4766-B261-F2225B5442EC}.Release|Any CPU.Build.0 = Release|Any CPU
		{887602C1-305D-4DCD-B11D-8110577A73A2}.Debug|Any CPU.ActiveCfg = Debug|Any CPU
		{887602C1-305D-4DCD-B11D-8110577A73A2}.Debug|Any CPU.Build.0 = Debug|Any CPU
		{887602C1-305D-4DCD-B11D-8110577A73A2}.Release|Any CPU.ActiveCfg = Release|Any CPU
		{887602C1-305D-4DCD-B11D-8110577A73A2}.Release|Any CPU.Build.0 = Release|Any CPU
		{8661B7E1-7454-4E97-88F7-0A31FC4ADA40}.Debug|Any CPU.ActiveCfg = Debug|Any CPU
		{8661B7E1-7454-4E97-88F7-0A31FC4ADA40}.Debug|Any CPU.Build.0 = Debug|Any CPU
		{8661B7E1-7454-4E97-88F7-0A31FC4ADA40}.Release|Any CPU.ActiveCfg = Release|Any CPU
		{8661B7E1-7454-4E97-88F7-0A31FC4ADA40}.Release|Any CPU.Build.0 = Release|Any CPU
	EndGlobalSection
	GlobalSection(SolutionProperties) = preSolution
		HideSolutionNode = FALSE
	EndGlobalSection
EndGlobal
