
Microsoft Visual Studio Solution File, Format Version 12.00
# Visual Studio Version 16
VisualStudioVersion = 16.0.29613.14
MinimumVisualStudioVersion = 10.0.40219.1
Project("{9A19103F-16F7-4668-BE54-9A1E7A4F7556}") = "Utilities", "Utilities\Utilities.csproj", "{BABD3DB1-2F4B-4DAE-B950-4500DC7A3CF7}"
EndProject
Project("{9A19103F-16F7-4668-BE54-9A1E7A4F7556}") = "BaseTest", "BaseTest\BaseTest.csproj", "{B7763B2A-906B-4843-9C88-7189A98DF152}"
EndProject
Project("{9A19103F-16F7-4668-BE54-9A1E7A4F7556}") = "BaseSeleniumTest", "BaseSeleniumTest\BaseSeleniumTest.csproj", "{EE0F4483-0254-412C-8AF6-D020E6646C22}"
EndProject
Project("{9A19103F-16F7-4668-BE54-9A1E7A4F7556}") = "BaseDatabaseTest", "BaseDatabaseTest\BaseDatabaseTest.csproj", "{40C69F26-3B81-43D3-AC2E-2F9B5104AE38}"
EndProject
Project("{9A19103F-16F7-4668-BE54-9A1E7A4F7556}") = "BaseEmailTest", "BaseEmailTest\BaseEmailTest.csproj", "{A62253D3-87CE-44A0-88E6-05C26747D9CF}"
EndProject
Project("{9A19103F-16F7-4668-BE54-9A1E7A4F7556}") = "BaseWebServiceTest", "BaseWebServiceTest\BaseWebServiceTest.csproj", "{66C6350E-1EF7-4F03-848A-4D024F22B9D4}"
EndProject
Project("{9A19103F-16F7-4668-BE54-9A1E7A4F7556}") = "BaseMongoTest", "BaseMongoTest\BaseMongoTest.csproj", "{134221CF-DE9A-4075-A301-C7A89B1644D9}"
EndProject
Project("{9A19103F-16F7-4668-BE54-9A1E7A4F7556}") = "BaseAppiumTest", "BaseAppiumTest\BaseAppiumTest.csproj", "{4CEE19ED-7646-45CF-BB47-1AED4494DDC2}"
EndProject
Project("{9A19103F-16F7-4668-BE54-9A1E7A4F7556}") = "AppiumUnitTests", "AppiumUnitTests\AppiumUnitTests.csproj", "{03A57B20-EF13-4E86-9721-34A75F44CC0E}"
EndProject
Project("{9A19103F-16F7-4668-BE54-9A1E7A4F7556}") = "BaseTestUnitTests", "BaseTestUnitTests\BaseTestUnitTests.csproj", "{723369F4-2ED9-4B94-960B-35E776DD2537}"
EndProject
Project("{9A19103F-16F7-4668-BE54-9A1E7A4F7556}") = "UtilitiesUnitTests", "UtilitiesUnitTests\UtilitiesUnitTests.csproj", "{EB73F194-713A-4EDB-8694-F9E8F989E4A8}"
EndProject
Project("{9A19103F-16F7-4668-BE54-9A1E7A4F7556}") = "WebServiceUnitTests", "WebServiceUnitTests\WebServiceUnitTests.csproj", "{3BE694CC-C685-4484-8ECA-A0ACBBB0DA9D}"
EndProject
Project("{9A19103F-16F7-4668-BE54-9A1E7A4F7556}") = "SeleniumUnitTests", "SeleniumUnitTests\SeleniumUnitTests.csproj", "{73D0DE15-F2B1-4C91-9F3A-7F6FAC7121DF}"
EndProject
Project("{FAE04EC0-301F-11D3-BF4B-00C04F79EFBC}") = "NugetBuild", "NugetBuild\NugetBuild.csproj", "{988DFCFF-49AE-4677-9B50-D61C14008E49}"
EndProject
Project("{2150E333-8FDC-42A3-9474-1A3956D46DE8}") = "Solution Items", "Solution Items", "{CF6F67BE-25AF-4BB3-B841-CF40FA8EC6D1}"
	ProjectSection(SolutionItems) = preProject
		Parallel.RunSettings = Parallel.RunSettings
	EndProjectSection
EndProject
Project("{9A19103F-16F7-4668-BE54-9A1E7A4F7556}") = "DatabaseUnitTests", "DatabaseUnitTests\DatabaseUnitTests.csproj", "{1BF34A71-A13B-4E18-843D-4F296805B6C9}"
EndProject
Project("{9A19103F-16F7-4668-BE54-9A1E7A4F7556}") = "EmailUnitTests", "EmailUnitTests\EmailUnitTests.csproj", "{5A9AB14D-1A80-44C3-AC72-421BAD578C41}"
EndProject
Project("{9A19103F-16F7-4668-BE54-9A1E7A4F7556}") = "SpecFlowExtension", "SpecFlowExtension\SpecFlowExtension.csproj", "{26D35A87-D2F4-4A04-931A-EF2DBEA9EBB5}"
EndProject
Project("{9A19103F-16F7-4668-BE54-9A1E7A4F7556}") = "FrameworkUnitTests", "CoreUnitTests\FrameworkUnitTests.csproj", "{D3E59B9F-445E-4484-9B2F-B3FE3ED82CE5}"
EndProject
Project("{9A19103F-16F7-4668-BE54-9A1E7A4F7556}") = "SpecFlowExtensionUnitTests", "SpecFlowExtensionUnitTests\SpecFlowExtensionUnitTests.csproj", "{37F9B3AC-F61B-46E9-9DC6-B16860A2C272}"
EndProject
Project("{9A19103F-16F7-4668-BE54-9A1E7A4F7556}") = "SpecFlowExtensionNUnitTests", "SpecFlowExtensionNUnitTests\SpecFlowExtensionNUnitTests.csproj", "{9AFDD017-DA0F-4546-9BCE-FDE1A0605E1A}"
EndProject
Project("{9A19103F-16F7-4668-BE54-9A1E7A4F7556}") = "MongoDBUnitTests", "MongoDBUnitTests\MongoDBUnitTests.csproj", "{F4AB7FF4-21E6-4CBB-8547-ABFB3FD8A498}"
EndProject
Project("{9A19103F-16F7-4668-BE54-9A1E7A4F7556}") = "CompositeUnitTests", "CompositeUnitTests\CompositeUnitTests.csproj", "{6F51C4EC-FBCD-476A-8DF6-CB4A05A1D47C}"
EndProject
Project("{9A19103F-16F7-4668-BE54-9A1E7A4F7556}") = "BaseCompositeTest", "BaseCompositeTest\BaseCompositeTest.csproj", "{D99B90EC-1065-41AD-891B-21649AB1EE2E}"
EndProject
Global
	GlobalSection(SolutionConfigurationPlatforms) = preSolution
		Debug|Any CPU = Debug|Any CPU
		Release|Any CPU = Release|Any CPU
	EndGlobalSection
	GlobalSection(ProjectConfigurationPlatforms) = postSolution
		{BABD3DB1-2F4B-4DAE-B950-4500DC7A3CF7}.Debug|Any CPU.ActiveCfg = Debug|Any CPU
		{BABD3DB1-2F4B-4DAE-B950-4500DC7A3CF7}.Debug|Any CPU.Build.0 = Debug|Any CPU
		{BABD3DB1-2F4B-4DAE-B950-4500DC7A3CF7}.Release|Any CPU.ActiveCfg = Release|Any CPU
		{BABD3DB1-2F4B-4DAE-B950-4500DC7A3CF7}.Release|Any CPU.Build.0 = Release|Any CPU
		{B7763B2A-906B-4843-9C88-7189A98DF152}.Debug|Any CPU.ActiveCfg = Debug|Any CPU
		{B7763B2A-906B-4843-9C88-7189A98DF152}.Debug|Any CPU.Build.0 = Debug|Any CPU
		{B7763B2A-906B-4843-9C88-7189A98DF152}.Release|Any CPU.ActiveCfg = Release|Any CPU
		{B7763B2A-906B-4843-9C88-7189A98DF152}.Release|Any CPU.Build.0 = Release|Any CPU
		{EE0F4483-0254-412C-8AF6-D020E6646C22}.Debug|Any CPU.ActiveCfg = Debug|Any CPU
		{EE0F4483-0254-412C-8AF6-D020E6646C22}.Debug|Any CPU.Build.0 = Debug|Any CPU
		{EE0F4483-0254-412C-8AF6-D020E6646C22}.Release|Any CPU.ActiveCfg = Release|Any CPU
		{EE0F4483-0254-412C-8AF6-D020E6646C22}.Release|Any CPU.Build.0 = Release|Any CPU
		{40C69F26-3B81-43D3-AC2E-2F9B5104AE38}.Debug|Any CPU.ActiveCfg = Debug|Any CPU
		{40C69F26-3B81-43D3-AC2E-2F9B5104AE38}.Debug|Any CPU.Build.0 = Debug|Any CPU
		{40C69F26-3B81-43D3-AC2E-2F9B5104AE38}.Release|Any CPU.ActiveCfg = Release|Any CPU
		{40C69F26-3B81-43D3-AC2E-2F9B5104AE38}.Release|Any CPU.Build.0 = Release|Any CPU
		{A62253D3-87CE-44A0-88E6-05C26747D9CF}.Debug|Any CPU.ActiveCfg = Debug|Any CPU
		{A62253D3-87CE-44A0-88E6-05C26747D9CF}.Debug|Any CPU.Build.0 = Debug|Any CPU
		{A62253D3-87CE-44A0-88E6-05C26747D9CF}.Release|Any CPU.ActiveCfg = Release|Any CPU
		{A62253D3-87CE-44A0-88E6-05C26747D9CF}.Release|Any CPU.Build.0 = Release|Any CPU
		{66C6350E-1EF7-4F03-848A-4D024F22B9D4}.Debug|Any CPU.ActiveCfg = Debug|Any CPU
		{66C6350E-1EF7-4F03-848A-4D024F22B9D4}.Debug|Any CPU.Build.0 = Debug|Any CPU
		{66C6350E-1EF7-4F03-848A-4D024F22B9D4}.Release|Any CPU.ActiveCfg = Release|Any CPU
		{66C6350E-1EF7-4F03-848A-4D024F22B9D4}.Release|Any CPU.Build.0 = Release|Any CPU
		{134221CF-DE9A-4075-A301-C7A89B1644D9}.Debug|Any CPU.ActiveCfg = Debug|Any CPU
		{134221CF-DE9A-4075-A301-C7A89B1644D9}.Debug|Any CPU.Build.0 = Debug|Any CPU
		{134221CF-DE9A-4075-A301-C7A89B1644D9}.Release|Any CPU.ActiveCfg = Release|Any CPU
		{134221CF-DE9A-4075-A301-C7A89B1644D9}.Release|Any CPU.Build.0 = Release|Any CPU
		{4CEE19ED-7646-45CF-BB47-1AED4494DDC2}.Debug|Any CPU.ActiveCfg = Debug|Any CPU
		{4CEE19ED-7646-45CF-BB47-1AED4494DDC2}.Debug|Any CPU.Build.0 = Debug|Any CPU
		{4CEE19ED-7646-45CF-BB47-1AED4494DDC2}.Release|Any CPU.ActiveCfg = Release|Any CPU
		{4CEE19ED-7646-45CF-BB47-1AED4494DDC2}.Release|Any CPU.Build.0 = Release|Any CPU
		{03A57B20-EF13-4E86-9721-34A75F44CC0E}.Debug|Any CPU.ActiveCfg = Debug|Any CPU
		{03A57B20-EF13-4E86-9721-34A75F44CC0E}.Debug|Any CPU.Build.0 = Debug|Any CPU
		{03A57B20-EF13-4E86-9721-34A75F44CC0E}.Release|Any CPU.ActiveCfg = Release|Any CPU
		{723369F4-2ED9-4B94-960B-35E776DD2537}.Debug|Any CPU.ActiveCfg = Debug|Any CPU
		{723369F4-2ED9-4B94-960B-35E776DD2537}.Debug|Any CPU.Build.0 = Debug|Any CPU
		{723369F4-2ED9-4B94-960B-35E776DD2537}.Release|Any CPU.ActiveCfg = Release|Any CPU
		{EB73F194-713A-4EDB-8694-F9E8F989E4A8}.Debug|Any CPU.ActiveCfg = Debug|Any CPU
		{EB73F194-713A-4EDB-8694-F9E8F989E4A8}.Debug|Any CPU.Build.0 = Debug|Any CPU
		{EB73F194-713A-4EDB-8694-F9E8F989E4A8}.Release|Any CPU.ActiveCfg = Release|Any CPU
		{3BE694CC-C685-4484-8ECA-A0ACBBB0DA9D}.Debug|Any CPU.ActiveCfg = Debug|Any CPU
		{3BE694CC-C685-4484-8ECA-A0ACBBB0DA9D}.Debug|Any CPU.Build.0 = Debug|Any CPU
		{3BE694CC-C685-4484-8ECA-A0ACBBB0DA9D}.Release|Any CPU.ActiveCfg = Release|Any CPU
		{73D0DE15-F2B1-4C91-9F3A-7F6FAC7121DF}.Debug|Any CPU.ActiveCfg = Debug|Any CPU
		{73D0DE15-F2B1-4C91-9F3A-7F6FAC7121DF}.Debug|Any CPU.Build.0 = Debug|Any CPU
		{73D0DE15-F2B1-4C91-9F3A-7F6FAC7121DF}.Release|Any CPU.ActiveCfg = Release|Any CPU
		{988DFCFF-49AE-4677-9B50-D61C14008E49}.Debug|Any CPU.ActiveCfg = Debug|Any CPU
		{988DFCFF-49AE-4677-9B50-D61C14008E49}.Release|Any CPU.ActiveCfg = Release|Any CPU
		{988DFCFF-49AE-4677-9B50-D61C14008E49}.Release|Any CPU.Build.0 = Release|Any CPU
		{1BF34A71-A13B-4E18-843D-4F296805B6C9}.Debug|Any CPU.ActiveCfg = Debug|Any CPU
		{1BF34A71-A13B-4E18-843D-4F296805B6C9}.Debug|Any CPU.Build.0 = Debug|Any CPU
		{1BF34A71-A13B-4E18-843D-4F296805B6C9}.Release|Any CPU.ActiveCfg = Release|Any CPU
		{5A9AB14D-1A80-44C3-AC72-421BAD578C41}.Debug|Any CPU.ActiveCfg = Debug|Any CPU
		{5A9AB14D-1A80-44C3-AC72-421BAD578C41}.Debug|Any CPU.Build.0 = Debug|Any CPU
		{5A9AB14D-1A80-44C3-AC72-421BAD578C41}.Release|Any CPU.ActiveCfg = Release|Any CPU
		{26D35A87-D2F4-4A04-931A-EF2DBEA9EBB5}.Debug|Any CPU.ActiveCfg = Debug|Any CPU
		{26D35A87-D2F4-4A04-931A-EF2DBEA9EBB5}.Debug|Any CPU.Build.0 = Debug|Any CPU
		{26D35A87-D2F4-4A04-931A-EF2DBEA9EBB5}.Release|Any CPU.ActiveCfg = Release|Any CPU
		{26D35A87-D2F4-4A04-931A-EF2DBEA9EBB5}.Release|Any CPU.Build.0 = Release|Any CPU
		{D3E59B9F-445E-4484-9B2F-B3FE3ED82CE5}.Debug|Any CPU.ActiveCfg = Debug|Any CPU
		{D3E59B9F-445E-4484-9B2F-B3FE3ED82CE5}.Debug|Any CPU.Build.0 = Debug|Any CPU
		{D3E59B9F-445E-4484-9B2F-B3FE3ED82CE5}.Release|Any CPU.ActiveCfg = Release|Any CPU
		{37F9B3AC-F61B-46E9-9DC6-B16860A2C272}.Debug|Any CPU.ActiveCfg = Debug|Any CPU
		{37F9B3AC-F61B-46E9-9DC6-B16860A2C272}.Debug|Any CPU.Build.0 = Debug|Any CPU
		{37F9B3AC-F61B-46E9-9DC6-B16860A2C272}.Release|Any CPU.ActiveCfg = Release|Any CPU
		{9AFDD017-DA0F-4546-9BCE-FDE1A0605E1A}.Debug|Any CPU.ActiveCfg = Debug|Any CPU
		{9AFDD017-DA0F-4546-9BCE-FDE1A0605E1A}.Debug|Any CPU.Build.0 = Debug|Any CPU
		{9AFDD017-DA0F-4546-9BCE-FDE1A0605E1A}.Release|Any CPU.ActiveCfg = Release|Any CPU
		{F4AB7FF4-21E6-4CBB-8547-ABFB3FD8A498}.Debug|Any CPU.ActiveCfg = Debug|Any CPU
		{F4AB7FF4-21E6-4CBB-8547-ABFB3FD8A498}.Debug|Any CPU.Build.0 = Debug|Any CPU
		{F4AB7FF4-21E6-4CBB-8547-ABFB3FD8A498}.Release|Any CPU.ActiveCfg = Release|Any CPU
		{6F51C4EC-FBCD-476A-8DF6-CB4A05A1D47C}.Debug|Any CPU.ActiveCfg = Debug|Any CPU
		{6F51C4EC-FBCD-476A-8DF6-CB4A05A1D47C}.Debug|Any CPU.Build.0 = Debug|Any CPU
		{6F51C4EC-FBCD-476A-8DF6-CB4A05A1D47C}.Release|Any CPU.ActiveCfg = Release|Any CPU
		{6F51C4EC-FBCD-476A-8DF6-CB4A05A1D47C}.Release|Any CPU.Build.0 = Release|Any CPU
		{D99B90EC-1065-41AD-891B-21649AB1EE2E}.Debug|Any CPU.ActiveCfg = Debug|Any CPU
		{D99B90EC-1065-41AD-891B-21649AB1EE2E}.Debug|Any CPU.Build.0 = Debug|Any CPU
		{D99B90EC-1065-41AD-891B-21649AB1EE2E}.Release|Any CPU.ActiveCfg = Release|Any CPU
		{D99B90EC-1065-41AD-891B-21649AB1EE2E}.Release|Any CPU.Build.0 = Release|Any CPU
	EndGlobalSection
	GlobalSection(SolutionProperties) = preSolution
		HideSolutionNode = FALSE
	EndGlobalSection
	GlobalSection(ExtensibilityGlobals) = postSolution
		SolutionGuid = {B08458C9-E7DB-49CF-B79D-5BC8D58BBBE0}
	EndGlobalSection
EndGlobal
