
Microsoft Visual Studio Solution File, Format Version 12.00
# Visual Studio 15
VisualStudioVersion = 15.0.28010.2016
MinimumVisualStudioVersion = 10.0.40219.1
Project("{9A19103F-16F7-4668-BE54-9A1E7A4F7556}") = "Utilities", "Utilities\Utilities.csproj", "{AA8FAA47-1380-424B-85B7-41F52A6B1F9D}"
EndProject
Project("{9A19103F-16F7-4668-BE54-9A1E7A4F7556}") = "BaseTest", "BaseTest\BaseTest.csproj", "{2194BDF2-6625-41EC-A7C1-BFFA14687503}"
EndProject
Project("{9A19103F-16F7-4668-BE54-9A1E7A4F7556}") = "BaseSeleniumTest", "BaseSeleniumTest\BaseSeleniumTest.csproj", "{B4205BA1-3289-45F6-BCDB-87EB1A8F8169}"
EndProject
Project("{2150E333-8FDC-42A3-9474-1A3956D46DE8}") = "Solution Items", "Solution Items", "{CF6F67BE-25AF-4BB3-B841-CF40FA8EC6D1}"
	ProjectSection(SolutionItems) = preProject
		Parallel.RunSettings = Parallel.RunSettings
	EndProjectSection
EndProject
Global
	GlobalSection(SolutionConfigurationPlatforms) = preSolution
		Debug|Any CPU = Debug|Any CPU
		Release|Any CPU = Release|Any CPU
	EndGlobalSection
	GlobalSection(ProjectConfigurationPlatforms) = postSolution
		{AA8FAA47-1380-424B-85B7-41F52A6B1F9D}.Debug|Any CPU.ActiveCfg = Debug|Any CPU
		{AA8FAA47-1380-424B-85B7-41F52A6B1F9D}.Debug|Any CPU.Build.0 = Debug|Any CPU
		{AA8FAA47-1380-424B-85B7-41F52A6B1F9D}.Release|Any CPU.ActiveCfg = Release|Any CPU
		{AA8FAA47-1380-424B-85B7-41F52A6B1F9D}.Release|Any CPU.Build.0 = Release|Any CPU
		{2194BDF2-6625-41EC-A7C1-BFFA14687503}.Debug|Any CPU.ActiveCfg = Debug|Any CPU
		{2194BDF2-6625-41EC-A7C1-BFFA14687503}.Debug|Any CPU.Build.0 = Debug|Any CPU
		{2194BDF2-6625-41EC-A7C1-BFFA14687503}.Release|Any CPU.ActiveCfg = Release|Any CPU
		{2194BDF2-6625-41EC-A7C1-BFFA14687503}.Release|Any CPU.Build.0 = Release|Any CPU
		{B4205BA1-3289-45F6-BCDB-87EB1A8F8169}.Debug|Any CPU.ActiveCfg = Debug|Any CPU
		{B4205BA1-3289-45F6-BCDB-87EB1A8F8169}.Debug|Any CPU.Build.0 = Debug|Any CPU
		{B4205BA1-3289-45F6-BCDB-87EB1A8F8169}.Release|Any CPU.ActiveCfg = Release|Any CPU
		{B4205BA1-3289-45F6-BCDB-87EB1A8F8169}.Release|Any CPU.Build.0 = Release|Any CPU
	EndGlobalSection
	GlobalSection(SolutionProperties) = preSolution
		HideSolutionNode = FALSE
	EndGlobalSection
	GlobalSection(ExtensibilityGlobals) = postSolution
		SolutionGuid = {D6A9A92B-EC14-4E13-A6CD-EA4A54CA236A}
	EndGlobalSection
EndGlobal
